// !$*UTF8*$!
{
	archiveVersion = 1;
	classes = {
	};
	objectVersion = 51;
	objects = {

/* Begin PBXBuildFile section */
		780D558E264281EC00CA2961 /* HasLoadingState.swift in Sources */ = {isa = PBXBuildFile; fileRef = 780D558D264281EC00CA2961 /* HasLoadingState.swift */; };
		780D559C2642C1EF00CA2961 /* LoadingView.swift in Sources */ = {isa = PBXBuildFile; fileRef = 780D559B2642C1EF00CA2961 /* LoadingView.swift */; };
		780D55A12642C38500CA2961 /* ErrorView.swift in Sources */ = {isa = PBXBuildFile; fileRef = 780D55A02642C38500CA2961 /* ErrorView.swift */; };
		780D55A62642C46900CA2961 /* SuccessView.swift in Sources */ = {isa = PBXBuildFile; fileRef = 780D55A52642C46900CA2961 /* SuccessView.swift */; };
		78217E0E2639E8CA00CE0B99 /* FavoritesView.swift in Sources */ = {isa = PBXBuildFile; fileRef = 78217E0D2639E8CA00CE0B99 /* FavoritesView.swift */; };
		78217E162639EABD00CE0B99 /* ProfileView.swift in Sources */ = {isa = PBXBuildFile; fileRef = 78217E152639EABD00CE0B99 /* ProfileView.swift */; };
		78217E2A2639F2FD00CE0B99 /* ChatView.swift in Sources */ = {isa = PBXBuildFile; fileRef = 78217E292639F2FD00CE0B99 /* ChatView.swift */; };
		78217E2F2639F35300CE0B99 /* ChatMessageTableViewCell.swift in Sources */ = {isa = PBXBuildFile; fileRef = 78217E2E2639F35300CE0B99 /* ChatMessageTableViewCell.swift */; };
		78217E342639F53100CE0B99 /* ChatMessageViewModel.swift in Sources */ = {isa = PBXBuildFile; fileRef = 78217E332639F53100CE0B99 /* ChatMessageViewModel.swift */; };
		78217E432639F91100CE0B99 /* ChatTableViewCell.swift in Sources */ = {isa = PBXBuildFile; fileRef = 78217E422639F91100CE0B99 /* ChatTableViewCell.swift */; };
		78217E4B2639FB3200CE0B99 /* ChatSubjectViewModel.swift in Sources */ = {isa = PBXBuildFile; fileRef = 78217E4A2639FB3200CE0B99 /* ChatSubjectViewModel.swift */; };
		7825551E25BF5BA50031EC64 /* AddXChangeController.swift in Sources */ = {isa = PBXBuildFile; fileRef = 7825551D25BF5BA50031EC64 /* AddXChangeController.swift */; };
		7825552625BF5BEF0031EC64 /* AddXChangeViewModel.swift in Sources */ = {isa = PBXBuildFile; fileRef = 7825552525BF5BEF0031EC64 /* AddXChangeViewModel.swift */; };
		7825553225BF5C800031EC64 /* ChatViewController.swift in Sources */ = {isa = PBXBuildFile; fileRef = 7825553125BF5C800031EC64 /* ChatViewController.swift */; };
		7825553725BF5C9B0031EC64 /* ChatViewModel.swift in Sources */ = {isa = PBXBuildFile; fileRef = 7825553625BF5C9B0031EC64 /* ChatViewModel.swift */; };
		7825553D25BF5D020031EC64 /* ProfileViewController.swift in Sources */ = {isa = PBXBuildFile; fileRef = 7825553C25BF5D020031EC64 /* ProfileViewController.swift */; };
		7825554525BF5D0F0031EC64 /* ProfileViewModel.swift in Sources */ = {isa = PBXBuildFile; fileRef = 7825554425BF5D0F0031EC64 /* ProfileViewModel.swift */; };
		7825554A25C013760031EC64 /* FavoritesCoordinator.swift in Sources */ = {isa = PBXBuildFile; fileRef = 7825554925C013760031EC64 /* FavoritesCoordinator.swift */; };
		7825555825C01BE60031EC64 /* AddXChangeCoordinator.swift in Sources */ = {isa = PBXBuildFile; fileRef = 7825555725C01BE60031EC64 /* AddXChangeCoordinator.swift */; };
		7825555D25C01C810031EC64 /* ChatCoordinator.swift in Sources */ = {isa = PBXBuildFile; fileRef = 7825555C25C01C810031EC64 /* ChatCoordinator.swift */; };
		7825556225C01DE40031EC64 /* ProfileCoordinator.swift in Sources */ = {isa = PBXBuildFile; fileRef = 7825556125C01DE40031EC64 /* ProfileCoordinator.swift */; };
		782B1FB82613B68F00DDA412 /* MainDetailViewController.swift in Sources */ = {isa = PBXBuildFile; fileRef = 782B1FB72613B68F00DDA412 /* MainDetailViewController.swift */; };
		782B1FC32613B88300DDA412 /* MainDetailViewModel.swift in Sources */ = {isa = PBXBuildFile; fileRef = 782B1FC22613B88300DDA412 /* MainDetailViewModel.swift */; };
		7832047525C1B2A20052CA86 /* AuthenticationProvider.swift in Sources */ = {isa = PBXBuildFile; fileRef = 7832047425C1B2A10052CA86 /* AuthenticationProvider.swift */; };
		7832047D25C1B3530052CA86 /* FirebaseAuthProvider.swift in Sources */ = {isa = PBXBuildFile; fileRef = 7832047C25C1B3530052CA86 /* FirebaseAuthProvider.swift */; };
		78372DA125BF0254001B82D0 /* TabBarController.swift in Sources */ = {isa = PBXBuildFile; fileRef = 78372DA025BF0254001B82D0 /* TabBarController.swift */; };
		78372DB225BF07C8001B82D0 /* MainViewController.swift in Sources */ = {isa = PBXBuildFile; fileRef = 78372DB125BF07C8001B82D0 /* MainViewController.swift */; };
		78372DBA25BF07F8001B82D0 /* MainViewModel.swift in Sources */ = {isa = PBXBuildFile; fileRef = 78372DB925BF07F8001B82D0 /* MainViewModel.swift */; };
		78372DC025BF085E001B82D0 /* FavoritesViewController.swift in Sources */ = {isa = PBXBuildFile; fileRef = 78372DBF25BF085E001B82D0 /* FavoritesViewController.swift */; };
		78372DC825BF0876001B82D0 /* FavoritesViewModel.swift in Sources */ = {isa = PBXBuildFile; fileRef = 78372DC725BF0876001B82D0 /* FavoritesViewModel.swift */; };
		78372DD225BF0A77001B82D0 /* Coordinator.swift in Sources */ = {isa = PBXBuildFile; fileRef = 78372DD125BF0A77001B82D0 /* Coordinator.swift */; };
		78372DD725BF0AEA001B82D0 /* MainCoordinator.swift in Sources */ = {isa = PBXBuildFile; fileRef = 78372DD625BF0AEA001B82D0 /* MainCoordinator.swift */; };
		78377EE5261CE11C0087876F /* TextFormatter.swift in Sources */ = {isa = PBXBuildFile; fileRef = 78377EE4261CE11C0087876F /* TextFormatter.swift */; };
		7844953F25BF0187005377A5 /* AppDelegate.swift in Sources */ = {isa = PBXBuildFile; fileRef = 7844953E25BF0187005377A5 /* AppDelegate.swift */; };
		7844954125BF0187005377A5 /* SceneDelegate.swift in Sources */ = {isa = PBXBuildFile; fileRef = 7844954025BF0187005377A5 /* SceneDelegate.swift */; };
		7844954825BF0189005377A5 /* Assets.xcassets in Resources */ = {isa = PBXBuildFile; fileRef = 7844954725BF0189005377A5 /* Assets.xcassets */; };
		7844954B25BF0189005377A5 /* LaunchScreen.storyboard in Resources */ = {isa = PBXBuildFile; fileRef = 7844954925BF0189005377A5 /* LaunchScreen.storyboard */; };
		7844955625BF018A005377A5 /* xChangeTests.swift in Sources */ = {isa = PBXBuildFile; fileRef = 7844955525BF018A005377A5 /* xChangeTests.swift */; };
		7844956125BF018A005377A5 /* xChangeUITests.swift in Sources */ = {isa = PBXBuildFile; fileRef = 7844956025BF018A005377A5 /* xChangeUITests.swift */; };
		78688B5E261B436C0048D56C /* UIView+Layout.swift in Sources */ = {isa = PBXBuildFile; fileRef = 78688B5D261B436C0048D56C /* UIView+Layout.swift */; };
		78688B64261B452F0048D56C /* LayoutMargin.swift in Sources */ = {isa = PBXBuildFile; fileRef = 78688B63261B452F0048D56C /* LayoutMargin.swift */; };
		78725450263BD68E007F96C9 /* LoginView.swift in Sources */ = {isa = PBXBuildFile; fileRef = 7872544F263BD68E007F96C9 /* LoginView.swift */; };
		78725455263BDA24007F96C9 /* SignUpView.swift in Sources */ = {isa = PBXBuildFile; fileRef = 78725454263BDA24007F96C9 /* SignUpView.swift */; };
		787A45E2263FD27900179F9F /* DirectChatView.swift in Sources */ = {isa = PBXBuildFile; fileRef = 787A45E1263FD27900179F9F /* DirectChatView.swift */; };
		787A45E7263FD4AD00179F9F /* DirectChatViewController.swift in Sources */ = {isa = PBXBuildFile; fileRef = 787A45E6263FD4AD00179F9F /* DirectChatViewController.swift */; };
		787A45EC263FD4FA00179F9F /* DirectChatViewModel.swift in Sources */ = {isa = PBXBuildFile; fileRef = 787A45EB263FD4FA00179F9F /* DirectChatViewModel.swift */; };
		787A45F1263FD66500179F9F /* UITableViewCell+Identifier.swift in Sources */ = {isa = PBXBuildFile; fileRef = 787A45F0263FD66500179F9F /* UITableViewCell+Identifier.swift */; };
		78810BA92602927B008240AD /* XChangeTableViewCell.swift in Sources */ = {isa = PBXBuildFile; fileRef = 78810BA826029279008240AD /* XChangeTableViewCell.swift */; };
		7883B44A25F55E7C000D3441 /* FirebaseFavouriteProvider.swift in Sources */ = {isa = PBXBuildFile; fileRef = 7883B44925F55E7C000D3441 /* FirebaseFavouriteProvider.swift */; };
		7883B44F25F564DF000D3441 /* FeedProvider.swift in Sources */ = {isa = PBXBuildFile; fileRef = 7883B44E25F564DF000D3441 /* FeedProvider.swift */; };
		7883B45425F56546000D3441 /* FirebaseFeedProvider.swift in Sources */ = {isa = PBXBuildFile; fileRef = 7883B45325F56546000D3441 /* FirebaseFeedProvider.swift */; };
		7883B46825F6B14A000D3441 /* AppAssembler.swift in Sources */ = {isa = PBXBuildFile; fileRef = 7883B46725F6B149000D3441 /* AppAssembler.swift */; };
		7883B46D25F6B222000D3441 /* RootAssembly.swift in Sources */ = {isa = PBXBuildFile; fileRef = 7883B46C25F6B222000D3441 /* RootAssembly.swift */; };
		7883B47225F6B43C000D3441 /* ServiceAssembly.swift in Sources */ = {isa = PBXBuildFile; fileRef = 7883B47125F6B43C000D3441 /* ServiceAssembly.swift */; };
		7883B47725F757A5000D3441 /* MainAssembly.swift in Sources */ = {isa = PBXBuildFile; fileRef = 7883B47625F757A5000D3441 /* MainAssembly.swift */; };
		7883B47C25F757F9000D3441 /* CoordinatorAssembly.swift in Sources */ = {isa = PBXBuildFile; fileRef = 7883B47B25F757F9000D3441 /* CoordinatorAssembly.swift */; };
		7883B48125F75862000D3441 /* FavouritesAssembly.swift in Sources */ = {isa = PBXBuildFile; fileRef = 7883B48025F75862000D3441 /* FavouritesAssembly.swift */; };
		7883B48625F758A0000D3441 /* AddXChangeAssembly.swift in Sources */ = {isa = PBXBuildFile; fileRef = 7883B48525F758A0000D3441 /* AddXChangeAssembly.swift */; };
		7883B48B25F758E3000D3441 /* ChatAssembly.swift in Sources */ = {isa = PBXBuildFile; fileRef = 7883B48A25F758E3000D3441 /* ChatAssembly.swift */; };
		7883B49025F75910000D3441 /* ProfileAssembly.swift in Sources */ = {isa = PBXBuildFile; fileRef = 7883B48F25F75910000D3441 /* ProfileAssembly.swift */; };
		7883B53F25FE7780000D3441 /* Chat.swift in Sources */ = {isa = PBXBuildFile; fileRef = 7883B53E25FE777F000D3441 /* Chat.swift */; };
		7883B54425FE7895000D3441 /* FirebaseChatProvider.swift in Sources */ = {isa = PBXBuildFile; fileRef = 7883B54325FE7895000D3441 /* FirebaseChatProvider.swift */; };
		7883B54925FE8E02000D3441 /* ChatMessage.swift in Sources */ = {isa = PBXBuildFile; fileRef = 7883B54825FE8E02000D3441 /* ChatMessage.swift */; };
		78A23B0125CC0AC600EB0F12 /* ChatProvider.swift in Sources */ = {isa = PBXBuildFile; fileRef = 78A23B0025CC0AC600EB0F12 /* ChatProvider.swift */; };
		78A23B0625CC0B4100EB0F12 /* FavoritesProvider.swift in Sources */ = {isa = PBXBuildFile; fileRef = 78A23B0525CC0B4100EB0F12 /* FavoritesProvider.swift */; };
		78A5D3B3261B932F0050DD9A /* XChangeCellViewModel.swift in Sources */ = {isa = PBXBuildFile; fileRef = 78A5D3B2261B932F0050DD9A /* XChangeCellViewModel.swift */; };
		78A5D3FD261C36E50050DD9A /* DateFormat.swift in Sources */ = {isa = PBXBuildFile; fileRef = 78A5D3FC261C36E50050DD9A /* DateFormat.swift */; };
		78A6AF2F2602ADA9007E7257 /* UIImageView+Placeholder.swift in Sources */ = {isa = PBXBuildFile; fileRef = 78A6AF2E2602ADA9007E7257 /* UIImageView+Placeholder.swift */; };
		78C1F9E4263A038800579003 /* AddXChangeView.swift in Sources */ = {isa = PBXBuildFile; fileRef = 78C1F9E3263A038700579003 /* AddXChangeView.swift */; };
		78D5CFC7263893D700FFDA2C /* MainView.swift in Sources */ = {isa = PBXBuildFile; fileRef = 78D5CFC6263893D700FFDA2C /* MainView.swift */; };
		78D5CFCD263894B100FFDA2C /* BaseView.swift in Sources */ = {isa = PBXBuildFile; fileRef = 78D5CFCC263894B100FFDA2C /* BaseView.swift */; };
		78D5CFD2263895F200FFDA2C /* FieldLabel.swift in Sources */ = {isa = PBXBuildFile; fileRef = 78D5CFD1263895F200FFDA2C /* FieldLabel.swift */; };
		78D5CFD7263898F700FFDA2C /* BaseTableViewCell.swift in Sources */ = {isa = PBXBuildFile; fileRef = 78D5CFD6263898F700FFDA2C /* BaseTableViewCell.swift */; };
		78D5CFEA26389DE700FFDA2C /* BaseViewController.swift in Sources */ = {isa = PBXBuildFile; fileRef = 78D5CFE926389DE700FFDA2C /* BaseViewController.swift */; };
		78D5CFEF26389F3E00FFDA2C /* MainDetailView.swift in Sources */ = {isa = PBXBuildFile; fileRef = 78D5CFEE26389F3E00FFDA2C /* MainDetailView.swift */; };
		78D5CFF42638A03100FFDA2C /* FieldTextView.swift in Sources */ = {isa = PBXBuildFile; fileRef = 78D5CFF32638A03100FFDA2C /* FieldTextView.swift */; };
		78D5CFF92638A57B00FFDA2C /* LayoutConstants.swift in Sources */ = {isa = PBXBuildFile; fileRef = 78D5CFF82638A57B00FFDA2C /* LayoutConstants.swift */; };
		78D5D001263938C900FFDA2C /* UILabel+Styling.swift in Sources */ = {isa = PBXBuildFile; fileRef = 78D5D000263938C900FFDA2C /* UILabel+Styling.swift */; };
		78D5D006263939A100FFDA2C /* Fonts.swift in Sources */ = {isa = PBXBuildFile; fileRef = 78D5D005263939A000FFDA2C /* Fonts.swift */; };
		78F2E4B225C16029000E5F9D /* RootCoordinator.swift in Sources */ = {isa = PBXBuildFile; fileRef = 78F2E4B125C16029000E5F9D /* RootCoordinator.swift */; };
		78F2E4B825C160D4000E5F9D /* LoginViewController.swift in Sources */ = {isa = PBXBuildFile; fileRef = 78F2E4B725C160D4000E5F9D /* LoginViewController.swift */; };
		78F2E4C025C162B1000E5F9D /* RootNavigationController.swift in Sources */ = {isa = PBXBuildFile; fileRef = 78F2E4BF25C162B1000E5F9D /* RootNavigationController.swift */; };
		78F2E4C625C1646E000E5F9D /* SignUpViewController.swift in Sources */ = {isa = PBXBuildFile; fileRef = 78F2E4C525C1646E000E5F9D /* SignUpViewController.swift */; };
		78F2E4CB25C1688D000E5F9D /* LoginViewModel.swift in Sources */ = {isa = PBXBuildFile; fileRef = 78F2E4CA25C1688D000E5F9D /* LoginViewModel.swift */; };
		78F2E4F025C193DF000E5F9D /* GoogleService-Info.plist in Resources */ = {isa = PBXBuildFile; fileRef = 78F2E4EF25C193DF000E5F9D /* GoogleService-Info.plist */; };
		78F5473C25C1F02700467741 /* DataProvider.swift in Sources */ = {isa = PBXBuildFile; fileRef = 78F5473B25C1F02700467741 /* DataProvider.swift */; };
		78F5474425C1F11D00467741 /* FirestoreDataProvider.swift in Sources */ = {isa = PBXBuildFile; fileRef = 78F5474325C1F11D00467741 /* FirestoreDataProvider.swift */; };
		78F5474D25C2D9DE00467741 /* UIViewController+HideKeyboard.swift in Sources */ = {isa = PBXBuildFile; fileRef = 78F5474C25C2D9DE00467741 /* UIViewController+HideKeyboard.swift */; };
		78F5476725C2E59900467741 /* SignUpViewModel.swift in Sources */ = {isa = PBXBuildFile; fileRef = 78F5476625C2E59900467741 /* SignUpViewModel.swift */; };
		78F5477025C9566E00467741 /* ViewModelType.swift in Sources */ = {isa = PBXBuildFile; fileRef = 78F5476F25C9566E00467741 /* ViewModelType.swift */; };
		78F5477525C98EB800467741 /* Validation.swift in Sources */ = {isa = PBXBuildFile; fileRef = 78F5477425C98EB800467741 /* Validation.swift */; };
		78F5477B25C9E76700467741 /* Credential.swift in Sources */ = {isa = PBXBuildFile; fileRef = 78F5477A25C9E76700467741 /* Credential.swift */; };
		78F7E53325EEBF3300E4030C /* User.swift in Sources */ = {isa = PBXBuildFile; fileRef = 78F7E53225EEBF3300E4030C /* User.swift */; };
		78FEA08325CC96BE00A7D02C /* XChange.swift in Sources */ = {isa = PBXBuildFile; fileRef = 78FEA08225CC96BE00A7D02C /* XChange.swift */; };
		C1DBDB6451CA351BC0983F44 /* Pods_xChange_xChangeUITests.framework in Frameworks */ = {isa = PBXBuildFile; fileRef = 5920153C13C9F2C43911CA45 /* Pods_xChange_xChangeUITests.framework */; };
		CA5C4EE92E3B1051FCFF6FFE /* Pods_xChange.framework in Frameworks */ = {isa = PBXBuildFile; fileRef = 9DB6F7A3F88EBACBE66C7025 /* Pods_xChange.framework */; };
		E847EB396442D63325A1033E /* Pods_xChangeTests.framework in Frameworks */ = {isa = PBXBuildFile; fileRef = DE9AEB07039F5D9DFF49452A /* Pods_xChangeTests.framework */; };
/* End PBXBuildFile section */

/* Begin PBXContainerItemProxy section */
		7844955225BF018A005377A5 /* PBXContainerItemProxy */ = {
			isa = PBXContainerItemProxy;
			containerPortal = 7844953325BF0187005377A5 /* Project object */;
			proxyType = 1;
			remoteGlobalIDString = 7844953A25BF0187005377A5;
			remoteInfo = xChange;
		};
		7844955D25BF018A005377A5 /* PBXContainerItemProxy */ = {
			isa = PBXContainerItemProxy;
			containerPortal = 7844953325BF0187005377A5 /* Project object */;
			proxyType = 1;
			remoteGlobalIDString = 7844953A25BF0187005377A5;
			remoteInfo = xChange;
		};
/* End PBXContainerItemProxy section */

/* Begin PBXFileReference section */
		5920153C13C9F2C43911CA45 /* Pods_xChange_xChangeUITests.framework */ = {isa = PBXFileReference; explicitFileType = wrapper.framework; includeInIndex = 0; path = Pods_xChange_xChangeUITests.framework; sourceTree = BUILT_PRODUCTS_DIR; };
		5B9399BC99E48C49058FB9D7 /* Pods-xChange-xChangeUITests.release.xcconfig */ = {isa = PBXFileReference; includeInIndex = 1; lastKnownFileType = text.xcconfig; name = "Pods-xChange-xChangeUITests.release.xcconfig"; path = "Target Support Files/Pods-xChange-xChangeUITests/Pods-xChange-xChangeUITests.release.xcconfig"; sourceTree = "<group>"; };
		780D558D264281EC00CA2961 /* HasLoadingState.swift */ = {isa = PBXFileReference; lastKnownFileType = sourcecode.swift; path = HasLoadingState.swift; sourceTree = "<group>"; };
		780D559B2642C1EF00CA2961 /* LoadingView.swift */ = {isa = PBXFileReference; lastKnownFileType = sourcecode.swift; path = LoadingView.swift; sourceTree = "<group>"; };
		780D55A02642C38500CA2961 /* ErrorView.swift */ = {isa = PBXFileReference; lastKnownFileType = sourcecode.swift; path = ErrorView.swift; sourceTree = "<group>"; };
		780D55A52642C46900CA2961 /* SuccessView.swift */ = {isa = PBXFileReference; lastKnownFileType = sourcecode.swift; path = SuccessView.swift; sourceTree = "<group>"; };
		78217E0D2639E8CA00CE0B99 /* FavoritesView.swift */ = {isa = PBXFileReference; lastKnownFileType = sourcecode.swift; path = FavoritesView.swift; sourceTree = "<group>"; };
		78217E152639EABD00CE0B99 /* ProfileView.swift */ = {isa = PBXFileReference; lastKnownFileType = sourcecode.swift; path = ProfileView.swift; sourceTree = "<group>"; };
		78217E292639F2FD00CE0B99 /* ChatView.swift */ = {isa = PBXFileReference; lastKnownFileType = sourcecode.swift; path = ChatView.swift; sourceTree = "<group>"; };
		78217E2E2639F35300CE0B99 /* ChatMessageTableViewCell.swift */ = {isa = PBXFileReference; lastKnownFileType = sourcecode.swift; path = ChatMessageTableViewCell.swift; sourceTree = "<group>"; };
		78217E332639F53100CE0B99 /* ChatMessageViewModel.swift */ = {isa = PBXFileReference; lastKnownFileType = sourcecode.swift; path = ChatMessageViewModel.swift; sourceTree = "<group>"; };
		78217E422639F91100CE0B99 /* ChatTableViewCell.swift */ = {isa = PBXFileReference; lastKnownFileType = sourcecode.swift; path = ChatTableViewCell.swift; sourceTree = "<group>"; };
		78217E4A2639FB3200CE0B99 /* ChatSubjectViewModel.swift */ = {isa = PBXFileReference; lastKnownFileType = sourcecode.swift; path = ChatSubjectViewModel.swift; sourceTree = "<group>"; };
		7825551D25BF5BA50031EC64 /* AddXChangeController.swift */ = {isa = PBXFileReference; lastKnownFileType = sourcecode.swift; path = AddXChangeController.swift; sourceTree = "<group>"; };
		7825552525BF5BEF0031EC64 /* AddXChangeViewModel.swift */ = {isa = PBXFileReference; lastKnownFileType = sourcecode.swift; path = AddXChangeViewModel.swift; sourceTree = "<group>"; };
		7825553125BF5C800031EC64 /* ChatViewController.swift */ = {isa = PBXFileReference; lastKnownFileType = sourcecode.swift; path = ChatViewController.swift; sourceTree = "<group>"; };
		7825553625BF5C9B0031EC64 /* ChatViewModel.swift */ = {isa = PBXFileReference; lastKnownFileType = sourcecode.swift; path = ChatViewModel.swift; sourceTree = "<group>"; };
		7825553C25BF5D020031EC64 /* ProfileViewController.swift */ = {isa = PBXFileReference; lastKnownFileType = sourcecode.swift; path = ProfileViewController.swift; sourceTree = "<group>"; };
		7825554425BF5D0F0031EC64 /* ProfileViewModel.swift */ = {isa = PBXFileReference; lastKnownFileType = sourcecode.swift; path = ProfileViewModel.swift; sourceTree = "<group>"; };
		7825554925C013760031EC64 /* FavoritesCoordinator.swift */ = {isa = PBXFileReference; lastKnownFileType = sourcecode.swift; path = FavoritesCoordinator.swift; sourceTree = "<group>"; };
		7825555725C01BE60031EC64 /* AddXChangeCoordinator.swift */ = {isa = PBXFileReference; lastKnownFileType = sourcecode.swift; path = AddXChangeCoordinator.swift; sourceTree = "<group>"; };
		7825555C25C01C810031EC64 /* ChatCoordinator.swift */ = {isa = PBXFileReference; lastKnownFileType = sourcecode.swift; path = ChatCoordinator.swift; sourceTree = "<group>"; };
		7825556125C01DE40031EC64 /* ProfileCoordinator.swift */ = {isa = PBXFileReference; lastKnownFileType = sourcecode.swift; path = ProfileCoordinator.swift; sourceTree = "<group>"; };
		782B1FB72613B68F00DDA412 /* MainDetailViewController.swift */ = {isa = PBXFileReference; lastKnownFileType = sourcecode.swift; path = MainDetailViewController.swift; sourceTree = "<group>"; };
		782B1FC22613B88300DDA412 /* MainDetailViewModel.swift */ = {isa = PBXFileReference; lastKnownFileType = sourcecode.swift; path = MainDetailViewModel.swift; sourceTree = "<group>"; };
		7832047425C1B2A10052CA86 /* AuthenticationProvider.swift */ = {isa = PBXFileReference; lastKnownFileType = sourcecode.swift; path = AuthenticationProvider.swift; sourceTree = "<group>"; };
		7832047C25C1B3530052CA86 /* FirebaseAuthProvider.swift */ = {isa = PBXFileReference; lastKnownFileType = sourcecode.swift; path = FirebaseAuthProvider.swift; sourceTree = "<group>"; };
		78372DA025BF0254001B82D0 /* TabBarController.swift */ = {isa = PBXFileReference; lastKnownFileType = sourcecode.swift; path = TabBarController.swift; sourceTree = "<group>"; };
		78372DB125BF07C8001B82D0 /* MainViewController.swift */ = {isa = PBXFileReference; lastKnownFileType = sourcecode.swift; path = MainViewController.swift; sourceTree = "<group>"; };
		78372DB925BF07F8001B82D0 /* MainViewModel.swift */ = {isa = PBXFileReference; lastKnownFileType = sourcecode.swift; path = MainViewModel.swift; sourceTree = "<group>"; };
		78372DBF25BF085E001B82D0 /* FavoritesViewController.swift */ = {isa = PBXFileReference; lastKnownFileType = sourcecode.swift; path = FavoritesViewController.swift; sourceTree = "<group>"; };
		78372DC725BF0876001B82D0 /* FavoritesViewModel.swift */ = {isa = PBXFileReference; lastKnownFileType = sourcecode.swift; path = FavoritesViewModel.swift; sourceTree = "<group>"; };
		78372DD125BF0A77001B82D0 /* Coordinator.swift */ = {isa = PBXFileReference; lastKnownFileType = sourcecode.swift; path = Coordinator.swift; sourceTree = "<group>"; };
		78372DD625BF0AEA001B82D0 /* MainCoordinator.swift */ = {isa = PBXFileReference; lastKnownFileType = sourcecode.swift; path = MainCoordinator.swift; sourceTree = "<group>"; };
		78377EE4261CE11C0087876F /* TextFormatter.swift */ = {isa = PBXFileReference; lastKnownFileType = sourcecode.swift; path = TextFormatter.swift; sourceTree = "<group>"; };
		7844953B25BF0187005377A5 /* xChange.app */ = {isa = PBXFileReference; explicitFileType = wrapper.application; includeInIndex = 0; path = xChange.app; sourceTree = BUILT_PRODUCTS_DIR; };
		7844953E25BF0187005377A5 /* AppDelegate.swift */ = {isa = PBXFileReference; lastKnownFileType = sourcecode.swift; path = AppDelegate.swift; sourceTree = "<group>"; };
		7844954025BF0187005377A5 /* SceneDelegate.swift */ = {isa = PBXFileReference; lastKnownFileType = sourcecode.swift; path = SceneDelegate.swift; sourceTree = "<group>"; };
		7844954725BF0189005377A5 /* Assets.xcassets */ = {isa = PBXFileReference; lastKnownFileType = folder.assetcatalog; path = Assets.xcassets; sourceTree = "<group>"; };
		7844954A25BF0189005377A5 /* Base */ = {isa = PBXFileReference; lastKnownFileType = file.storyboard; name = Base; path = Base.lproj/LaunchScreen.storyboard; sourceTree = "<group>"; };
		7844954C25BF0189005377A5 /* Info.plist */ = {isa = PBXFileReference; lastKnownFileType = text.plist.xml; path = Info.plist; sourceTree = "<group>"; };
		7844955125BF018A005377A5 /* xChangeTests.xctest */ = {isa = PBXFileReference; explicitFileType = wrapper.cfbundle; includeInIndex = 0; path = xChangeTests.xctest; sourceTree = BUILT_PRODUCTS_DIR; };
		7844955525BF018A005377A5 /* xChangeTests.swift */ = {isa = PBXFileReference; lastKnownFileType = sourcecode.swift; path = xChangeTests.swift; sourceTree = "<group>"; };
		7844955725BF018A005377A5 /* Info.plist */ = {isa = PBXFileReference; lastKnownFileType = text.plist.xml; path = Info.plist; sourceTree = "<group>"; };
		7844955C25BF018A005377A5 /* xChangeUITests.xctest */ = {isa = PBXFileReference; explicitFileType = wrapper.cfbundle; includeInIndex = 0; path = xChangeUITests.xctest; sourceTree = BUILT_PRODUCTS_DIR; };
		7844956025BF018A005377A5 /* xChangeUITests.swift */ = {isa = PBXFileReference; lastKnownFileType = sourcecode.swift; path = xChangeUITests.swift; sourceTree = "<group>"; };
		7844956225BF018A005377A5 /* Info.plist */ = {isa = PBXFileReference; lastKnownFileType = text.plist.xml; path = Info.plist; sourceTree = "<group>"; };
		78688B5D261B436C0048D56C /* UIView+Layout.swift */ = {isa = PBXFileReference; lastKnownFileType = sourcecode.swift; path = "UIView+Layout.swift"; sourceTree = "<group>"; };
		78688B63261B452F0048D56C /* LayoutMargin.swift */ = {isa = PBXFileReference; lastKnownFileType = sourcecode.swift; path = LayoutMargin.swift; sourceTree = "<group>"; };
		7872544F263BD68E007F96C9 /* LoginView.swift */ = {isa = PBXFileReference; lastKnownFileType = sourcecode.swift; path = LoginView.swift; sourceTree = "<group>"; };
		78725454263BDA24007F96C9 /* SignUpView.swift */ = {isa = PBXFileReference; lastKnownFileType = sourcecode.swift; path = SignUpView.swift; sourceTree = "<group>"; };
		787A45E1263FD27900179F9F /* DirectChatView.swift */ = {isa = PBXFileReference; lastKnownFileType = sourcecode.swift; path = DirectChatView.swift; sourceTree = "<group>"; };
		787A45E6263FD4AD00179F9F /* DirectChatViewController.swift */ = {isa = PBXFileReference; lastKnownFileType = sourcecode.swift; path = DirectChatViewController.swift; sourceTree = "<group>"; };
		787A45EB263FD4FA00179F9F /* DirectChatViewModel.swift */ = {isa = PBXFileReference; lastKnownFileType = sourcecode.swift; path = DirectChatViewModel.swift; sourceTree = "<group>"; };
		787A45F0263FD66500179F9F /* UITableViewCell+Identifier.swift */ = {isa = PBXFileReference; lastKnownFileType = sourcecode.swift; path = "UITableViewCell+Identifier.swift"; sourceTree = "<group>"; };
		78810BA826029279008240AD /* XChangeTableViewCell.swift */ = {isa = PBXFileReference; lastKnownFileType = sourcecode.swift; path = XChangeTableViewCell.swift; sourceTree = "<group>"; };
		7883B44925F55E7C000D3441 /* FirebaseFavouriteProvider.swift */ = {isa = PBXFileReference; lastKnownFileType = sourcecode.swift; path = FirebaseFavouriteProvider.swift; sourceTree = "<group>"; };
		7883B44E25F564DF000D3441 /* FeedProvider.swift */ = {isa = PBXFileReference; lastKnownFileType = sourcecode.swift; path = FeedProvider.swift; sourceTree = "<group>"; };
		7883B45325F56546000D3441 /* FirebaseFeedProvider.swift */ = {isa = PBXFileReference; lastKnownFileType = sourcecode.swift; path = FirebaseFeedProvider.swift; sourceTree = "<group>"; };
		7883B46725F6B149000D3441 /* AppAssembler.swift */ = {isa = PBXFileReference; lastKnownFileType = sourcecode.swift; path = AppAssembler.swift; sourceTree = "<group>"; };
		7883B46C25F6B222000D3441 /* RootAssembly.swift */ = {isa = PBXFileReference; lastKnownFileType = sourcecode.swift; path = RootAssembly.swift; sourceTree = "<group>"; };
		7883B47125F6B43C000D3441 /* ServiceAssembly.swift */ = {isa = PBXFileReference; lastKnownFileType = sourcecode.swift; path = ServiceAssembly.swift; sourceTree = "<group>"; };
		7883B47625F757A5000D3441 /* MainAssembly.swift */ = {isa = PBXFileReference; lastKnownFileType = sourcecode.swift; path = MainAssembly.swift; sourceTree = "<group>"; };
		7883B47B25F757F9000D3441 /* CoordinatorAssembly.swift */ = {isa = PBXFileReference; lastKnownFileType = sourcecode.swift; path = CoordinatorAssembly.swift; sourceTree = "<group>"; };
		7883B48025F75862000D3441 /* FavouritesAssembly.swift */ = {isa = PBXFileReference; lastKnownFileType = sourcecode.swift; path = FavouritesAssembly.swift; sourceTree = "<group>"; };
		7883B48525F758A0000D3441 /* AddXChangeAssembly.swift */ = {isa = PBXFileReference; lastKnownFileType = sourcecode.swift; path = AddXChangeAssembly.swift; sourceTree = "<group>"; };
		7883B48A25F758E3000D3441 /* ChatAssembly.swift */ = {isa = PBXFileReference; lastKnownFileType = sourcecode.swift; path = ChatAssembly.swift; sourceTree = "<group>"; };
		7883B48F25F75910000D3441 /* ProfileAssembly.swift */ = {isa = PBXFileReference; lastKnownFileType = sourcecode.swift; path = ProfileAssembly.swift; sourceTree = "<group>"; };
		7883B53E25FE777F000D3441 /* Chat.swift */ = {isa = PBXFileReference; lastKnownFileType = sourcecode.swift; path = Chat.swift; sourceTree = "<group>"; };
		7883B54325FE7895000D3441 /* FirebaseChatProvider.swift */ = {isa = PBXFileReference; lastKnownFileType = sourcecode.swift; path = FirebaseChatProvider.swift; sourceTree = "<group>"; };
		7883B54825FE8E02000D3441 /* ChatMessage.swift */ = {isa = PBXFileReference; lastKnownFileType = sourcecode.swift; path = ChatMessage.swift; sourceTree = "<group>"; };
		78A23B0025CC0AC600EB0F12 /* ChatProvider.swift */ = {isa = PBXFileReference; lastKnownFileType = sourcecode.swift; path = ChatProvider.swift; sourceTree = "<group>"; };
		78A23B0525CC0B4100EB0F12 /* FavoritesProvider.swift */ = {isa = PBXFileReference; lastKnownFileType = sourcecode.swift; path = FavoritesProvider.swift; sourceTree = "<group>"; };
		78A5D3B2261B932F0050DD9A /* XChangeCellViewModel.swift */ = {isa = PBXFileReference; lastKnownFileType = sourcecode.swift; path = XChangeCellViewModel.swift; sourceTree = "<group>"; };
		78A5D3FC261C36E50050DD9A /* DateFormat.swift */ = {isa = PBXFileReference; lastKnownFileType = sourcecode.swift; path = DateFormat.swift; sourceTree = "<group>"; };
		78A6AF2E2602ADA9007E7257 /* UIImageView+Placeholder.swift */ = {isa = PBXFileReference; lastKnownFileType = sourcecode.swift; path = "UIImageView+Placeholder.swift"; sourceTree = "<group>"; };
		78C1F9E3263A038700579003 /* AddXChangeView.swift */ = {isa = PBXFileReference; lastKnownFileType = sourcecode.swift; path = AddXChangeView.swift; sourceTree = "<group>"; };
		78D5CFC6263893D700FFDA2C /* MainView.swift */ = {isa = PBXFileReference; lastKnownFileType = sourcecode.swift; path = MainView.swift; sourceTree = "<group>"; };
		78D5CFCC263894B100FFDA2C /* BaseView.swift */ = {isa = PBXFileReference; lastKnownFileType = sourcecode.swift; path = BaseView.swift; sourceTree = "<group>"; };
		78D5CFD1263895F200FFDA2C /* FieldLabel.swift */ = {isa = PBXFileReference; lastKnownFileType = sourcecode.swift; path = FieldLabel.swift; sourceTree = "<group>"; };
		78D5CFD6263898F700FFDA2C /* BaseTableViewCell.swift */ = {isa = PBXFileReference; lastKnownFileType = sourcecode.swift; path = BaseTableViewCell.swift; sourceTree = "<group>"; };
		78D5CFE926389DE700FFDA2C /* BaseViewController.swift */ = {isa = PBXFileReference; lastKnownFileType = sourcecode.swift; path = BaseViewController.swift; sourceTree = "<group>"; };
		78D5CFEE26389F3E00FFDA2C /* MainDetailView.swift */ = {isa = PBXFileReference; lastKnownFileType = sourcecode.swift; path = MainDetailView.swift; sourceTree = "<group>"; };
		78D5CFF32638A03100FFDA2C /* FieldTextView.swift */ = {isa = PBXFileReference; lastKnownFileType = sourcecode.swift; path = FieldTextView.swift; sourceTree = "<group>"; };
		78D5CFF82638A57B00FFDA2C /* LayoutConstants.swift */ = {isa = PBXFileReference; lastKnownFileType = sourcecode.swift; path = LayoutConstants.swift; sourceTree = "<group>"; };
		78D5D000263938C900FFDA2C /* UILabel+Styling.swift */ = {isa = PBXFileReference; lastKnownFileType = sourcecode.swift; path = "UILabel+Styling.swift"; sourceTree = "<group>"; };
		78D5D005263939A000FFDA2C /* Fonts.swift */ = {isa = PBXFileReference; lastKnownFileType = sourcecode.swift; path = Fonts.swift; sourceTree = "<group>"; };
		78F2E4B125C16029000E5F9D /* RootCoordinator.swift */ = {isa = PBXFileReference; lastKnownFileType = sourcecode.swift; path = RootCoordinator.swift; sourceTree = "<group>"; };
		78F2E4B725C160D4000E5F9D /* LoginViewController.swift */ = {isa = PBXFileReference; lastKnownFileType = sourcecode.swift; path = LoginViewController.swift; sourceTree = "<group>"; };
		78F2E4BF25C162B1000E5F9D /* RootNavigationController.swift */ = {isa = PBXFileReference; lastKnownFileType = sourcecode.swift; path = RootNavigationController.swift; sourceTree = "<group>"; };
		78F2E4C525C1646E000E5F9D /* SignUpViewController.swift */ = {isa = PBXFileReference; lastKnownFileType = sourcecode.swift; path = SignUpViewController.swift; sourceTree = "<group>"; };
		78F2E4CA25C1688D000E5F9D /* LoginViewModel.swift */ = {isa = PBXFileReference; lastKnownFileType = sourcecode.swift; path = LoginViewModel.swift; sourceTree = "<group>"; };
		78F2E4EF25C193DF000E5F9D /* GoogleService-Info.plist */ = {isa = PBXFileReference; fileEncoding = 4; lastKnownFileType = text.plist.xml; path = "GoogleService-Info.plist"; sourceTree = "<group>"; };
		78F5473B25C1F02700467741 /* DataProvider.swift */ = {isa = PBXFileReference; lastKnownFileType = sourcecode.swift; path = DataProvider.swift; sourceTree = "<group>"; };
		78F5474325C1F11D00467741 /* FirestoreDataProvider.swift */ = {isa = PBXFileReference; lastKnownFileType = sourcecode.swift; path = FirestoreDataProvider.swift; sourceTree = "<group>"; };
		78F5474C25C2D9DE00467741 /* UIViewController+HideKeyboard.swift */ = {isa = PBXFileReference; lastKnownFileType = sourcecode.swift; path = "UIViewController+HideKeyboard.swift"; sourceTree = "<group>"; };
		78F5476625C2E59900467741 /* SignUpViewModel.swift */ = {isa = PBXFileReference; lastKnownFileType = sourcecode.swift; path = SignUpViewModel.swift; sourceTree = "<group>"; };
		78F5476F25C9566E00467741 /* ViewModelType.swift */ = {isa = PBXFileReference; lastKnownFileType = sourcecode.swift; path = ViewModelType.swift; sourceTree = "<group>"; };
		78F5477425C98EB800467741 /* Validation.swift */ = {isa = PBXFileReference; lastKnownFileType = sourcecode.swift; path = Validation.swift; sourceTree = "<group>"; };
		78F5477A25C9E76700467741 /* Credential.swift */ = {isa = PBXFileReference; lastKnownFileType = sourcecode.swift; path = Credential.swift; sourceTree = "<group>"; };
		78F7E53225EEBF3300E4030C /* User.swift */ = {isa = PBXFileReference; lastKnownFileType = sourcecode.swift; path = User.swift; sourceTree = "<group>"; };
		78FEA08225CC96BE00A7D02C /* XChange.swift */ = {isa = PBXFileReference; lastKnownFileType = sourcecode.swift; path = XChange.swift; sourceTree = "<group>"; };
		909CD7FDAFBB8866D8534048 /* Pods-xChange-xChangeUITests.debug.xcconfig */ = {isa = PBXFileReference; includeInIndex = 1; lastKnownFileType = text.xcconfig; name = "Pods-xChange-xChangeUITests.debug.xcconfig"; path = "Target Support Files/Pods-xChange-xChangeUITests/Pods-xChange-xChangeUITests.debug.xcconfig"; sourceTree = "<group>"; };
		9DB6F7A3F88EBACBE66C7025 /* Pods_xChange.framework */ = {isa = PBXFileReference; explicitFileType = wrapper.framework; includeInIndex = 0; path = Pods_xChange.framework; sourceTree = BUILT_PRODUCTS_DIR; };
		9F009FDA7BEF5EDAF3777889 /* Pods-xChangeTests.release.xcconfig */ = {isa = PBXFileReference; includeInIndex = 1; lastKnownFileType = text.xcconfig; name = "Pods-xChangeTests.release.xcconfig"; path = "Target Support Files/Pods-xChangeTests/Pods-xChangeTests.release.xcconfig"; sourceTree = "<group>"; };
		A07A77D5BBEA9DC76453175F /* Pods-xChangeTests.debug.xcconfig */ = {isa = PBXFileReference; includeInIndex = 1; lastKnownFileType = text.xcconfig; name = "Pods-xChangeTests.debug.xcconfig"; path = "Target Support Files/Pods-xChangeTests/Pods-xChangeTests.debug.xcconfig"; sourceTree = "<group>"; };
		B695572FB9A71F78045C5EFF /* Pods-xChange.debug.xcconfig */ = {isa = PBXFileReference; includeInIndex = 1; lastKnownFileType = text.xcconfig; name = "Pods-xChange.debug.xcconfig"; path = "Target Support Files/Pods-xChange/Pods-xChange.debug.xcconfig"; sourceTree = "<group>"; };
		B86A7752BC70E1E1F8537AFA /* Pods-xChange.release.xcconfig */ = {isa = PBXFileReference; includeInIndex = 1; lastKnownFileType = text.xcconfig; name = "Pods-xChange.release.xcconfig"; path = "Target Support Files/Pods-xChange/Pods-xChange.release.xcconfig"; sourceTree = "<group>"; };
		DE9AEB07039F5D9DFF49452A /* Pods_xChangeTests.framework */ = {isa = PBXFileReference; explicitFileType = wrapper.framework; includeInIndex = 0; path = Pods_xChangeTests.framework; sourceTree = BUILT_PRODUCTS_DIR; };
/* End PBXFileReference section */

/* Begin PBXFrameworksBuildPhase section */
		7844953825BF0187005377A5 /* Frameworks */ = {
			isa = PBXFrameworksBuildPhase;
			buildActionMask = 2147483647;
			files = (
				CA5C4EE92E3B1051FCFF6FFE /* Pods_xChange.framework in Frameworks */,
			);
			runOnlyForDeploymentPostprocessing = 0;
		};
		7844954E25BF018A005377A5 /* Frameworks */ = {
			isa = PBXFrameworksBuildPhase;
			buildActionMask = 2147483647;
			files = (
				E847EB396442D63325A1033E /* Pods_xChangeTests.framework in Frameworks */,
			);
			runOnlyForDeploymentPostprocessing = 0;
		};
		7844955925BF018A005377A5 /* Frameworks */ = {
			isa = PBXFrameworksBuildPhase;
			buildActionMask = 2147483647;
			files = (
				C1DBDB6451CA351BC0983F44 /* Pods_xChange_xChangeUITests.framework in Frameworks */,
			);
			runOnlyForDeploymentPostprocessing = 0;
		};
/* End PBXFrameworksBuildPhase section */

/* Begin PBXGroup section */
		1E7CE954AA1F3E9CF3EECB77 /* Frameworks */ = {
			isa = PBXGroup;
			children = (
				9DB6F7A3F88EBACBE66C7025 /* Pods_xChange.framework */,
				5920153C13C9F2C43911CA45 /* Pods_xChange_xChangeUITests.framework */,
				DE9AEB07039F5D9DFF49452A /* Pods_xChangeTests.framework */,
			);
			name = Frameworks;
			sourceTree = "<group>";
		};
		780D55842642819500CA2961 /* Protocols */ = {
			isa = PBXGroup;
			children = (
				78372DD125BF0A77001B82D0 /* Coordinator.swift */,
				78F5476F25C9566E00467741 /* ViewModelType.swift */,
				780D558D264281EC00CA2961 /* HasLoadingState.swift */,
			);
			path = Protocols;
			sourceTree = "<group>";
		};
		780D55852642819E00CA2961 /* BaseClasses */ = {
			isa = PBXGroup;
			children = (
				78D5CFCC263894B100FFDA2C /* BaseView.swift */,
				78D5CFD6263898F700FFDA2C /* BaseTableViewCell.swift */,
				78D5CFE926389DE700FFDA2C /* BaseViewController.swift */,
			);
			path = BaseClasses;
			sourceTree = "<group>";
		};
		780D5589264281BE00CA2961 /* Components */ = {
			isa = PBXGroup;
			children = (
				78D5CFD1263895F200FFDA2C /* FieldLabel.swift */,
				78D5CFF32638A03100FFDA2C /* FieldTextView.swift */,
				780D559B2642C1EF00CA2961 /* LoadingView.swift */,
				780D55A52642C46900CA2961 /* SuccessView.swift */,
				780D55A02642C38500CA2961 /* ErrorView.swift */,
			);
			path = Components;
			sourceTree = "<group>";
		};
		78217E3B2639F8E100CE0B99 /* DirectChatViewController */ = {
			isa = PBXGroup;
			children = (
				787A45E6263FD4AD00179F9F /* DirectChatViewController.swift */,
				787A45EB263FD4FA00179F9F /* DirectChatViewModel.swift */,
				787A45E1263FD27900179F9F /* DirectChatView.swift */,
				78217E2E2639F35300CE0B99 /* ChatMessageTableViewCell.swift */,
				78217E332639F53100CE0B99 /* ChatMessageViewModel.swift */,
			);
			path = DirectChatViewController;
			sourceTree = "<group>";
		};
		7825550725BF5B170031EC64 /* AddXChangeController */ = {
			isa = PBXGroup;
			children = (
				7825551D25BF5BA50031EC64 /* AddXChangeController.swift */,
				7825552525BF5BEF0031EC64 /* AddXChangeViewModel.swift */,
				78C1F9E3263A038700579003 /* AddXChangeView.swift */,
			);
			path = AddXChangeController;
			sourceTree = "<group>";
		};
		7825553025BF5C580031EC64 /* ChatViewController */ = {
			isa = PBXGroup;
			children = (
				7825553125BF5C800031EC64 /* ChatViewController.swift */,
				7825553625BF5C9B0031EC64 /* ChatViewModel.swift */,
				78217E292639F2FD00CE0B99 /* ChatView.swift */,
				78217E422639F91100CE0B99 /* ChatTableViewCell.swift */,
				78217E4A2639FB3200CE0B99 /* ChatSubjectViewModel.swift */,
			);
			path = ChatViewController;
			sourceTree = "<group>";
		};
		7825553B25BF5CED0031EC64 /* ProfileController */ = {
			isa = PBXGroup;
			children = (
				7825553C25BF5D020031EC64 /* ProfileViewController.swift */,
				7825554425BF5D0F0031EC64 /* ProfileViewModel.swift */,
				78217E152639EABD00CE0B99 /* ProfileView.swift */,
			);
			path = ProfileController;
			sourceTree = "<group>";
		};
		782B1FB62613B67100DDA412 /* MainDetailViewController */ = {
			isa = PBXGroup;
			children = (
				782B1FB72613B68F00DDA412 /* MainDetailViewController.swift */,
				782B1FC22613B88300DDA412 /* MainDetailViewModel.swift */,
				78D5CFEE26389F3E00FFDA2C /* MainDetailView.swift */,
			);
			path = MainDetailViewController;
			sourceTree = "<group>";
		};
		7832047125C1B2290052CA86 /* FirebaseServices */ = {
			isa = PBXGroup;
			children = (
				7832047C25C1B3530052CA86 /* FirebaseAuthProvider.swift */,
				78F5474325C1F11D00467741 /* FirestoreDataProvider.swift */,
				7883B44925F55E7C000D3441 /* FirebaseFavouriteProvider.swift */,
				7883B45325F56546000D3441 /* FirebaseFeedProvider.swift */,
				7883B54325FE7895000D3441 /* FirebaseChatProvider.swift */,
			);
			path = FirebaseServices;
			sourceTree = "<group>";
		};
		7832047225C1B2390052CA86 /* Services */ = {
			isa = PBXGroup;
			children = (
				7832047325C1B2660052CA86 /* Protocols */,
				7832047125C1B2290052CA86 /* FirebaseServices */,
				78F5477425C98EB800467741 /* Validation.swift */,
			);
			path = Services;
			sourceTree = "<group>";
		};
		7832047325C1B2660052CA86 /* Protocols */ = {
			isa = PBXGroup;
			children = (
				7832047425C1B2A10052CA86 /* AuthenticationProvider.swift */,
				78A23B0025CC0AC600EB0F12 /* ChatProvider.swift */,
				78F5473B25C1F02700467741 /* DataProvider.swift */,
				78A23B0525CC0B4100EB0F12 /* FavoritesProvider.swift */,
				7883B44E25F564DF000D3441 /* FeedProvider.swift */,
			);
			path = Protocols;
			sourceTree = "<group>";
		};
		78372D9F25BF0232001B82D0 /* TabBarController */ = {
			isa = PBXGroup;
			children = (
				78372DA025BF0254001B82D0 /* TabBarController.swift */,
			);
			path = TabBarController;
			sourceTree = "<group>";
		};
		78372DB025BF07AE001B82D0 /* MainViewController */ = {
			isa = PBXGroup;
			children = (
				78810BA826029279008240AD /* XChangeTableViewCell.swift */,
				78372DB125BF07C8001B82D0 /* MainViewController.swift */,
				78372DB925BF07F8001B82D0 /* MainViewModel.swift */,
				78A5D3B2261B932F0050DD9A /* XChangeCellViewModel.swift */,
				78D5CFC6263893D700FFDA2C /* MainView.swift */,
			);
			path = MainViewController;
			sourceTree = "<group>";
		};
		78372DBE25BF083E001B82D0 /* FavoritesController */ = {
			isa = PBXGroup;
			children = (
				78372DBF25BF085E001B82D0 /* FavoritesViewController.swift */,
				78372DC725BF0876001B82D0 /* FavoritesViewModel.swift */,
				78217E0D2639E8CA00CE0B99 /* FavoritesView.swift */,
			);
			path = FavoritesController;
			sourceTree = "<group>";
		};
		78372DCF25BF0A50001B82D0 /* Coordinators */ = {
			isa = PBXGroup;
			children = (
				7842343025E2CBAF00A3D0DC /* RootCoordinator */,
				78372DD625BF0AEA001B82D0 /* MainCoordinator.swift */,
				7825554925C013760031EC64 /* FavoritesCoordinator.swift */,
				7825555725C01BE60031EC64 /* AddXChangeCoordinator.swift */,
				7825555C25C01C810031EC64 /* ChatCoordinator.swift */,
				7825556125C01DE40031EC64 /* ProfileCoordinator.swift */,
			);
			path = Coordinators;
			sourceTree = "<group>";
		};
		7842343025E2CBAF00A3D0DC /* RootCoordinator */ = {
			isa = PBXGroup;
			children = (
				78F2E4B125C16029000E5F9D /* RootCoordinator.swift */,
			);
			path = RootCoordinator;
			sourceTree = "<group>";
		};
		7844953225BF0187005377A5 = {
			isa = PBXGroup;
			children = (
				7844953D25BF0187005377A5 /* xChange */,
				7844955425BF018A005377A5 /* xChangeTests */,
				7844955F25BF018A005377A5 /* xChangeUITests */,
				7844953C25BF0187005377A5 /* Products */,
				A6128C1A1BE856807FDA9DA0 /* Pods */,
				1E7CE954AA1F3E9CF3EECB77 /* Frameworks */,
			);
			sourceTree = "<group>";
		};
		7844953C25BF0187005377A5 /* Products */ = {
			isa = PBXGroup;
			children = (
				7844953B25BF0187005377A5 /* xChange.app */,
				7844955125BF018A005377A5 /* xChangeTests.xctest */,
				7844955C25BF018A005377A5 /* xChangeUITests.xctest */,
			);
			name = Products;
			sourceTree = "<group>";
		};
		7844953D25BF0187005377A5 /* xChange */ = {
			isa = PBXGroup;
			children = (
				78DF0DEB25E1A457001859F3 /* Assemblies */,
				78F5477925C9E75800467741 /* Models */,
				78372DCF25BF0A50001B82D0 /* Coordinators */,
				78F2E4CF25C1869D000E5F9D /* RootControllers */,
				78F2E4D125C186E4000E5F9D /* MainControllers */,
				78F2E4D225C18706000E5F9D /* FavoritesControllers */,
				78F2E4D325C1871B000E5F9D /* AddXChangeControllers */,
				78F2E4D425C18730000E5F9D /* ChatControllers */,
				78F2E4D525C18740000E5F9D /* ProfileControllers */,
				7832047225C1B2390052CA86 /* Services */,
				78F5474B25C2D9B900467741 /* Extensions */,
				78D5CFCB2638949E00FFDA2C /* Shared */,
				78A5D404261C36EB0050DD9A /* Styling */,
				7844954725BF0189005377A5 /* Assets.xcassets */,
				7844953E25BF0187005377A5 /* AppDelegate.swift */,
				7844954025BF0187005377A5 /* SceneDelegate.swift */,
				7844954925BF0189005377A5 /* LaunchScreen.storyboard */,
				7844954C25BF0189005377A5 /* Info.plist */,
				78F2E4EF25C193DF000E5F9D /* GoogleService-Info.plist */,
				78F2E4BF25C162B1000E5F9D /* RootNavigationController.swift */,
			);
			path = xChange;
			sourceTree = "<group>";
		};
		7844955425BF018A005377A5 /* xChangeTests */ = {
			isa = PBXGroup;
			children = (
				7844955525BF018A005377A5 /* xChangeTests.swift */,
				7844955725BF018A005377A5 /* Info.plist */,
			);
			path = xChangeTests;
			sourceTree = "<group>";
		};
		7844955F25BF018A005377A5 /* xChangeUITests */ = {
			isa = PBXGroup;
			children = (
				7844956025BF018A005377A5 /* xChangeUITests.swift */,
				7844956225BF018A005377A5 /* Info.plist */,
			);
			path = xChangeUITests;
			sourceTree = "<group>";
		};
		78688B62261B45100048D56C /* Layout */ = {
			isa = PBXGroup;
			children = (
				78688B63261B452F0048D56C /* LayoutMargin.swift */,
				78D5CFF82638A57B00FFDA2C /* LayoutConstants.swift */,
				78D5D005263939A000FFDA2C /* Fonts.swift */,
			);
			path = Layout;
			sourceTree = "<group>";
		};
		78A5D3FB261C36B10050DD9A /* Formatters */ = {
			isa = PBXGroup;
			children = (
				78A5D3FC261C36E50050DD9A /* DateFormat.swift */,
				78377EE4261CE11C0087876F /* TextFormatter.swift */,
			);
			path = Formatters;
			sourceTree = "<group>";
		};
		78A5D404261C36EB0050DD9A /* Styling */ = {
			isa = PBXGroup;
			children = (
				78A5D3FB261C36B10050DD9A /* Formatters */,
				78688B62261B45100048D56C /* Layout */,
			);
			path = Styling;
			sourceTree = "<group>";
		};
		78D5CFCB2638949E00FFDA2C /* Shared */ = {
			isa = PBXGroup;
			children = (
				780D5589264281BE00CA2961 /* Components */,
				780D55852642819E00CA2961 /* BaseClasses */,
				780D55842642819500CA2961 /* Protocols */,
			);
			path = Shared;
			sourceTree = "<group>";
		};
		78DF0DEB25E1A457001859F3 /* Assemblies */ = {
			isa = PBXGroup;
			children = (
				7883B46725F6B149000D3441 /* AppAssembler.swift */,
				7883B48A25F758E3000D3441 /* ChatAssembly.swift */,
				7883B48F25F75910000D3441 /* ProfileAssembly.swift */,
				7883B48025F75862000D3441 /* FavouritesAssembly.swift */,
				7883B48525F758A0000D3441 /* AddXChangeAssembly.swift */,
				7883B47B25F757F9000D3441 /* CoordinatorAssembly.swift */,
				7883B47625F757A5000D3441 /* MainAssembly.swift */,
				7883B46C25F6B222000D3441 /* RootAssembly.swift */,
				7883B47125F6B43C000D3441 /* ServiceAssembly.swift */,
			);
			path = Assemblies;
			sourceTree = "<group>";
		};
		78F2E4B625C160B6000E5F9D /* LoginViewController */ = {
			isa = PBXGroup;
			children = (
				78F2E4B725C160D4000E5F9D /* LoginViewController.swift */,
				78F2E4CA25C1688D000E5F9D /* LoginViewModel.swift */,
				7872544F263BD68E007F96C9 /* LoginView.swift */,
			);
			path = LoginViewController;
			sourceTree = "<group>";
		};
		78F2E4C425C16455000E5F9D /* SignUpViewController */ = {
			isa = PBXGroup;
			children = (
				78F2E4C525C1646E000E5F9D /* SignUpViewController.swift */,
				78F5476625C2E59900467741 /* SignUpViewModel.swift */,
				78725454263BDA24007F96C9 /* SignUpView.swift */,
			);
			path = SignUpViewController;
			sourceTree = "<group>";
		};
		78F2E4CF25C1869D000E5F9D /* RootControllers */ = {
			isa = PBXGroup;
			children = (
				78F2E4B625C160B6000E5F9D /* LoginViewController */,
				78F2E4C425C16455000E5F9D /* SignUpViewController */,
				78372D9F25BF0232001B82D0 /* TabBarController */,
			);
			path = RootControllers;
			sourceTree = "<group>";
		};
		78F2E4D125C186E4000E5F9D /* MainControllers */ = {
			isa = PBXGroup;
			children = (
				78372DB025BF07AE001B82D0 /* MainViewController */,
				782B1FB62613B67100DDA412 /* MainDetailViewController */,
			);
			path = MainControllers;
			sourceTree = "<group>";
		};
		78F2E4D225C18706000E5F9D /* FavoritesControllers */ = {
			isa = PBXGroup;
			children = (
				78372DBE25BF083E001B82D0 /* FavoritesController */,
			);
			path = FavoritesControllers;
			sourceTree = "<group>";
		};
		78F2E4D325C1871B000E5F9D /* AddXChangeControllers */ = {
			isa = PBXGroup;
			children = (
				7825550725BF5B170031EC64 /* AddXChangeController */,
			);
			path = AddXChangeControllers;
			sourceTree = "<group>";
		};
		78F2E4D425C18730000E5F9D /* ChatControllers */ = {
			isa = PBXGroup;
			children = (
				7825553025BF5C580031EC64 /* ChatViewController */,
				78217E3B2639F8E100CE0B99 /* DirectChatViewController */,
			);
			path = ChatControllers;
			sourceTree = "<group>";
		};
		78F2E4D525C18740000E5F9D /* ProfileControllers */ = {
			isa = PBXGroup;
			children = (
				7825553B25BF5CED0031EC64 /* ProfileController */,
			);
			path = ProfileControllers;
			sourceTree = "<group>";
		};
		78F5474B25C2D9B900467741 /* Extensions */ = {
			isa = PBXGroup;
			children = (
				78F5474C25C2D9DE00467741 /* UIViewController+HideKeyboard.swift */,
				78A6AF2E2602ADA9007E7257 /* UIImageView+Placeholder.swift */,
				78688B5D261B436C0048D56C /* UIView+Layout.swift */,
				78D5D000263938C900FFDA2C /* UILabel+Styling.swift */,
				787A45F0263FD66500179F9F /* UITableViewCell+Identifier.swift */,
			);
			path = Extensions;
			sourceTree = "<group>";
		};
		78F5477925C9E75800467741 /* Models */ = {
			isa = PBXGroup;
			children = (
				78F5477A25C9E76700467741 /* Credential.swift */,
				78FEA08225CC96BE00A7D02C /* XChange.swift */,
				78F7E53225EEBF3300E4030C /* User.swift */,
				7883B53E25FE777F000D3441 /* Chat.swift */,
				7883B54825FE8E02000D3441 /* ChatMessage.swift */,
			);
			path = Models;
			sourceTree = "<group>";
		};
		A6128C1A1BE856807FDA9DA0 /* Pods */ = {
			isa = PBXGroup;
			children = (
				B695572FB9A71F78045C5EFF /* Pods-xChange.debug.xcconfig */,
				B86A7752BC70E1E1F8537AFA /* Pods-xChange.release.xcconfig */,
				909CD7FDAFBB8866D8534048 /* Pods-xChange-xChangeUITests.debug.xcconfig */,
				5B9399BC99E48C49058FB9D7 /* Pods-xChange-xChangeUITests.release.xcconfig */,
				A07A77D5BBEA9DC76453175F /* Pods-xChangeTests.debug.xcconfig */,
				9F009FDA7BEF5EDAF3777889 /* Pods-xChangeTests.release.xcconfig */,
			);
			path = Pods;
			sourceTree = "<group>";
		};
/* End PBXGroup section */

/* Begin PBXNativeTarget section */
		7844953A25BF0187005377A5 /* xChange */ = {
			isa = PBXNativeTarget;
			buildConfigurationList = 7844956525BF018A005377A5 /* Build configuration list for PBXNativeTarget "xChange" */;
			buildPhases = (
				B37D0EDBEFCBC7F76D7EF420 /* [CP] Check Pods Manifest.lock */,
				7844953725BF0187005377A5 /* Sources */,
				7844953825BF0187005377A5 /* Frameworks */,
				7844953925BF0187005377A5 /* Resources */,
				B6713F6225571AF5E581B085 /* [CP] Embed Pods Frameworks */,
			);
			buildRules = (
			);
			dependencies = (
			);
			name = xChange;
			productName = xChange;
			productReference = 7844953B25BF0187005377A5 /* xChange.app */;
			productType = "com.apple.product-type.application";
		};
		7844955025BF018A005377A5 /* xChangeTests */ = {
			isa = PBXNativeTarget;
			buildConfigurationList = 7844956825BF018A005377A5 /* Build configuration list for PBXNativeTarget "xChangeTests" */;
			buildPhases = (
				5FB71AF4F5A564C0902DF23C /* [CP] Check Pods Manifest.lock */,
				7844954D25BF018A005377A5 /* Sources */,
				7844954E25BF018A005377A5 /* Frameworks */,
				7844954F25BF018A005377A5 /* Resources */,
			);
			buildRules = (
			);
			dependencies = (
				7844955325BF018A005377A5 /* PBXTargetDependency */,
			);
			name = xChangeTests;
			productName = xChangeTests;
			productReference = 7844955125BF018A005377A5 /* xChangeTests.xctest */;
			productType = "com.apple.product-type.bundle.unit-test";
		};
		7844955B25BF018A005377A5 /* xChangeUITests */ = {
			isa = PBXNativeTarget;
			buildConfigurationList = 7844956B25BF018A005377A5 /* Build configuration list for PBXNativeTarget "xChangeUITests" */;
			buildPhases = (
				DA8D74ABF05B7D0296728B8C /* [CP] Check Pods Manifest.lock */,
				7844955825BF018A005377A5 /* Sources */,
				7844955925BF018A005377A5 /* Frameworks */,
				7844955A25BF018A005377A5 /* Resources */,
				95508C0BD4C81250223EC3F6 /* [CP] Embed Pods Frameworks */,
			);
			buildRules = (
			);
			dependencies = (
				7844955E25BF018A005377A5 /* PBXTargetDependency */,
			);
			name = xChangeUITests;
			productName = xChangeUITests;
			productReference = 7844955C25BF018A005377A5 /* xChangeUITests.xctest */;
			productType = "com.apple.product-type.bundle.ui-testing";
		};
/* End PBXNativeTarget section */

/* Begin PBXProject section */
		7844953325BF0187005377A5 /* Project object */ = {
			isa = PBXProject;
			attributes = {
				LastSwiftUpdateCheck = 1220;
				LastUpgradeCheck = 1220;
				TargetAttributes = {
					7844953A25BF0187005377A5 = {
						CreatedOnToolsVersion = 12.2;
					};
					7844955025BF018A005377A5 = {
						CreatedOnToolsVersion = 12.2;
						TestTargetID = 7844953A25BF0187005377A5;
					};
					7844955B25BF018A005377A5 = {
						CreatedOnToolsVersion = 12.2;
						TestTargetID = 7844953A25BF0187005377A5;
					};
				};
			};
			buildConfigurationList = 7844953625BF0187005377A5 /* Build configuration list for PBXProject "xChange" */;
			compatibilityVersion = "Xcode 9.3";
			developmentRegion = en;
			hasScannedForEncodings = 0;
			knownRegions = (
				en,
				Base,
			);
			mainGroup = 7844953225BF0187005377A5;
			productRefGroup = 7844953C25BF0187005377A5 /* Products */;
			projectDirPath = "";
			projectRoot = "";
			targets = (
				7844953A25BF0187005377A5 /* xChange */,
				7844955025BF018A005377A5 /* xChangeTests */,
				7844955B25BF018A005377A5 /* xChangeUITests */,
			);
		};
/* End PBXProject section */

/* Begin PBXResourcesBuildPhase section */
		7844953925BF0187005377A5 /* Resources */ = {
			isa = PBXResourcesBuildPhase;
			buildActionMask = 2147483647;
			files = (
				7844954B25BF0189005377A5 /* LaunchScreen.storyboard in Resources */,
				78F2E4F025C193DF000E5F9D /* GoogleService-Info.plist in Resources */,
				7844954825BF0189005377A5 /* Assets.xcassets in Resources */,
			);
			runOnlyForDeploymentPostprocessing = 0;
		};
		7844954F25BF018A005377A5 /* Resources */ = {
			isa = PBXResourcesBuildPhase;
			buildActionMask = 2147483647;
			files = (
			);
			runOnlyForDeploymentPostprocessing = 0;
		};
		7844955A25BF018A005377A5 /* Resources */ = {
			isa = PBXResourcesBuildPhase;
			buildActionMask = 2147483647;
			files = (
			);
			runOnlyForDeploymentPostprocessing = 0;
		};
/* End PBXResourcesBuildPhase section */

/* Begin PBXShellScriptBuildPhase section */
		5FB71AF4F5A564C0902DF23C /* [CP] Check Pods Manifest.lock */ = {
			isa = PBXShellScriptBuildPhase;
			buildActionMask = 2147483647;
			files = (
			);
			inputFileListPaths = (
			);
			inputPaths = (
				"${PODS_PODFILE_DIR_PATH}/Podfile.lock",
				"${PODS_ROOT}/Manifest.lock",
			);
			name = "[CP] Check Pods Manifest.lock";
			outputFileListPaths = (
			);
			outputPaths = (
				"$(DERIVED_FILE_DIR)/Pods-xChangeTests-checkManifestLockResult.txt",
			);
			runOnlyForDeploymentPostprocessing = 0;
			shellPath = /bin/sh;
			shellScript = "diff \"${PODS_PODFILE_DIR_PATH}/Podfile.lock\" \"${PODS_ROOT}/Manifest.lock\" > /dev/null\nif [ $? != 0 ] ; then\n    # print error to STDERR\n    echo \"error: The sandbox is not in sync with the Podfile.lock. Run 'pod install' or update your CocoaPods installation.\" >&2\n    exit 1\nfi\n# This output is used by Xcode 'outputs' to avoid re-running this script phase.\necho \"SUCCESS\" > \"${SCRIPT_OUTPUT_FILE_0}\"\n";
			showEnvVarsInLog = 0;
		};
		95508C0BD4C81250223EC3F6 /* [CP] Embed Pods Frameworks */ = {
			isa = PBXShellScriptBuildPhase;
			buildActionMask = 2147483647;
			files = (
			);
			inputFileListPaths = (
				"${PODS_ROOT}/Target Support Files/Pods-xChange-xChangeUITests/Pods-xChange-xChangeUITests-frameworks-${CONFIGURATION}-input-files.xcfilelist",
			);
			name = "[CP] Embed Pods Frameworks";
			outputFileListPaths = (
				"${PODS_ROOT}/Target Support Files/Pods-xChange-xChangeUITests/Pods-xChange-xChangeUITests-frameworks-${CONFIGURATION}-output-files.xcfilelist",
			);
			runOnlyForDeploymentPostprocessing = 0;
			shellPath = /bin/sh;
			shellScript = "\"${PODS_ROOT}/Target Support Files/Pods-xChange-xChangeUITests/Pods-xChange-xChangeUITests-frameworks.sh\"\n";
			showEnvVarsInLog = 0;
		};
		B37D0EDBEFCBC7F76D7EF420 /* [CP] Check Pods Manifest.lock */ = {
			isa = PBXShellScriptBuildPhase;
			buildActionMask = 2147483647;
			files = (
			);
			inputFileListPaths = (
			);
			inputPaths = (
				"${PODS_PODFILE_DIR_PATH}/Podfile.lock",
				"${PODS_ROOT}/Manifest.lock",
			);
			name = "[CP] Check Pods Manifest.lock";
			outputFileListPaths = (
			);
			outputPaths = (
				"$(DERIVED_FILE_DIR)/Pods-xChange-checkManifestLockResult.txt",
			);
			runOnlyForDeploymentPostprocessing = 0;
			shellPath = /bin/sh;
			shellScript = "diff \"${PODS_PODFILE_DIR_PATH}/Podfile.lock\" \"${PODS_ROOT}/Manifest.lock\" > /dev/null\nif [ $? != 0 ] ; then\n    # print error to STDERR\n    echo \"error: The sandbox is not in sync with the Podfile.lock. Run 'pod install' or update your CocoaPods installation.\" >&2\n    exit 1\nfi\n# This output is used by Xcode 'outputs' to avoid re-running this script phase.\necho \"SUCCESS\" > \"${SCRIPT_OUTPUT_FILE_0}\"\n";
			showEnvVarsInLog = 0;
		};
		B6713F6225571AF5E581B085 /* [CP] Embed Pods Frameworks */ = {
			isa = PBXShellScriptBuildPhase;
			buildActionMask = 2147483647;
			files = (
			);
			inputFileListPaths = (
				"${PODS_ROOT}/Target Support Files/Pods-xChange/Pods-xChange-frameworks-${CONFIGURATION}-input-files.xcfilelist",
			);
			name = "[CP] Embed Pods Frameworks";
			outputFileListPaths = (
				"${PODS_ROOT}/Target Support Files/Pods-xChange/Pods-xChange-frameworks-${CONFIGURATION}-output-files.xcfilelist",
			);
			runOnlyForDeploymentPostprocessing = 0;
			shellPath = /bin/sh;
			shellScript = "\"${PODS_ROOT}/Target Support Files/Pods-xChange/Pods-xChange-frameworks.sh\"\n";
			showEnvVarsInLog = 0;
		};
		DA8D74ABF05B7D0296728B8C /* [CP] Check Pods Manifest.lock */ = {
			isa = PBXShellScriptBuildPhase;
			buildActionMask = 2147483647;
			files = (
			);
			inputFileListPaths = (
			);
			inputPaths = (
				"${PODS_PODFILE_DIR_PATH}/Podfile.lock",
				"${PODS_ROOT}/Manifest.lock",
			);
			name = "[CP] Check Pods Manifest.lock";
			outputFileListPaths = (
			);
			outputPaths = (
				"$(DERIVED_FILE_DIR)/Pods-xChange-xChangeUITests-checkManifestLockResult.txt",
			);
			runOnlyForDeploymentPostprocessing = 0;
			shellPath = /bin/sh;
			shellScript = "diff \"${PODS_PODFILE_DIR_PATH}/Podfile.lock\" \"${PODS_ROOT}/Manifest.lock\" > /dev/null\nif [ $? != 0 ] ; then\n    # print error to STDERR\n    echo \"error: The sandbox is not in sync with the Podfile.lock. Run 'pod install' or update your CocoaPods installation.\" >&2\n    exit 1\nfi\n# This output is used by Xcode 'outputs' to avoid re-running this script phase.\necho \"SUCCESS\" > \"${SCRIPT_OUTPUT_FILE_0}\"\n";
			showEnvVarsInLog = 0;
		};
/* End PBXShellScriptBuildPhase section */

/* Begin PBXSourcesBuildPhase section */
		7844953725BF0187005377A5 /* Sources */ = {
			isa = PBXSourcesBuildPhase;
			buildActionMask = 2147483647;
			files = (
				78217E4B2639FB3200CE0B99 /* ChatSubjectViewModel.swift in Sources */,
				78FEA08325CC96BE00A7D02C /* XChange.swift in Sources */,
				7883B47C25F757F9000D3441 /* CoordinatorAssembly.swift in Sources */,
				78217E0E2639E8CA00CE0B99 /* FavoritesView.swift in Sources */,
				78F5474425C1F11D00467741 /* FirestoreDataProvider.swift in Sources */,
				78217E2A2639F2FD00CE0B99 /* ChatView.swift in Sources */,
				7825555825C01BE60031EC64 /* AddXChangeCoordinator.swift in Sources */,
				7825551E25BF5BA50031EC64 /* AddXChangeController.swift in Sources */,
				78D5CFEA26389DE700FFDA2C /* BaseViewController.swift in Sources */,
				7883B48625F758A0000D3441 /* AddXChangeAssembly.swift in Sources */,
				78A23B0125CC0AC600EB0F12 /* ChatProvider.swift in Sources */,
				78F2E4B825C160D4000E5F9D /* LoginViewController.swift in Sources */,
				78D5CFF92638A57B00FFDA2C /* LayoutConstants.swift in Sources */,
				78F2E4C625C1646E000E5F9D /* SignUpViewController.swift in Sources */,
				78A23B0625CC0B4100EB0F12 /* FavoritesProvider.swift in Sources */,
				7883B47725F757A5000D3441 /* MainAssembly.swift in Sources */,
				78A5D3B3261B932F0050DD9A /* XChangeCellViewModel.swift in Sources */,
				78372DD225BF0A77001B82D0 /* Coordinator.swift in Sources */,
				78F5473C25C1F02700467741 /* DataProvider.swift in Sources */,
				7883B48125F75862000D3441 /* FavouritesAssembly.swift in Sources */,
				7883B54925FE8E02000D3441 /* ChatMessage.swift in Sources */,
				78372DBA25BF07F8001B82D0 /* MainViewModel.swift in Sources */,
				7832047D25C1B3530052CA86 /* FirebaseAuthProvider.swift in Sources */,
				7883B49025F75910000D3441 /* ProfileAssembly.swift in Sources */,
				78372DA125BF0254001B82D0 /* TabBarController.swift in Sources */,
				78A5D3FD261C36E50050DD9A /* DateFormat.swift in Sources */,
				78F5477025C9566E00467741 /* ViewModelType.swift in Sources */,
				7832047525C1B2A20052CA86 /* AuthenticationProvider.swift in Sources */,
				78F2E4CB25C1688D000E5F9D /* LoginViewModel.swift in Sources */,
				787A45EC263FD4FA00179F9F /* DirectChatViewModel.swift in Sources */,
				78372DC825BF0876001B82D0 /* FavoritesViewModel.swift in Sources */,
				7844953F25BF0187005377A5 /* AppDelegate.swift in Sources */,
				78D5CFEF26389F3E00FFDA2C /* MainDetailView.swift in Sources */,
				7825556225C01DE40031EC64 /* ProfileCoordinator.swift in Sources */,
				78F7E53325EEBF3300E4030C /* User.swift in Sources */,
				78D5D001263938C900FFDA2C /* UILabel+Styling.swift in Sources */,
				7825555D25C01C810031EC64 /* ChatCoordinator.swift in Sources */,
				78F5474D25C2D9DE00467741 /* UIViewController+HideKeyboard.swift in Sources */,
				7883B53F25FE7780000D3441 /* Chat.swift in Sources */,
				78217E432639F91100CE0B99 /* ChatTableViewCell.swift in Sources */,
				782B1FC32613B88300DDA412 /* MainDetailViewModel.swift in Sources */,
				7883B46D25F6B222000D3441 /* RootAssembly.swift in Sources */,
				78217E342639F53100CE0B99 /* ChatMessageViewModel.swift in Sources */,
				782B1FB82613B68F00DDA412 /* MainDetailViewController.swift in Sources */,
				78F5476725C2E59900467741 /* SignUpViewModel.swift in Sources */,
				7825552625BF5BEF0031EC64 /* AddXChangeViewModel.swift in Sources */,
				7825553725BF5C9B0031EC64 /* ChatViewModel.swift in Sources */,
				78F5477B25C9E76700467741 /* Credential.swift in Sources */,
				78D5CFCD263894B100FFDA2C /* BaseView.swift in Sources */,
				78A6AF2F2602ADA9007E7257 /* UIImageView+Placeholder.swift in Sources */,
				7844954125BF0187005377A5 /* SceneDelegate.swift in Sources */,
				78688B64261B452F0048D56C /* LayoutMargin.swift in Sources */,
				787A45E7263FD4AD00179F9F /* DirectChatViewController.swift in Sources */,
				78725455263BDA24007F96C9 /* SignUpView.swift in Sources */,
				78D5CFC7263893D700FFDA2C /* MainView.swift in Sources */,
				78D5CFD7263898F700FFDA2C /* BaseTableViewCell.swift in Sources */,
				78810BA92602927B008240AD /* XChangeTableViewCell.swift in Sources */,
				7825553225BF5C800031EC64 /* ChatViewController.swift in Sources */,
				78D5CFF42638A03100FFDA2C /* FieldTextView.swift in Sources */,
				78372DC025BF085E001B82D0 /* FavoritesViewController.swift in Sources */,
				78688B5E261B436C0048D56C /* UIView+Layout.swift in Sources */,
				7883B47225F6B43C000D3441 /* ServiceAssembly.swift in Sources */,
				780D558E264281EC00CA2961 /* HasLoadingState.swift in Sources */,
				78377EE5261CE11C0087876F /* TextFormatter.swift in Sources */,
				7825553D25BF5D020031EC64 /* ProfileViewController.swift in Sources */,
				7883B54425FE7895000D3441 /* FirebaseChatProvider.swift in Sources */,
				78C1F9E4263A038800579003 /* AddXChangeView.swift in Sources */,
				78D5CFD2263895F200FFDA2C /* FieldLabel.swift in Sources */,
				780D55A62642C46900CA2961 /* SuccessView.swift in Sources */,
				7883B44A25F55E7C000D3441 /* FirebaseFavouriteProvider.swift in Sources */,
				78D5D006263939A100FFDA2C /* Fonts.swift in Sources */,
				78217E2F2639F35300CE0B99 /* ChatMessageTableViewCell.swift in Sources */,
				78F5477525C98EB800467741 /* Validation.swift in Sources */,
				78F2E4C025C162B1000E5F9D /* RootNavigationController.swift in Sources */,
				787A45F1263FD66500179F9F /* UITableViewCell+Identifier.swift in Sources */,
				7883B46825F6B14A000D3441 /* AppAssembler.swift in Sources */,
				7883B44F25F564DF000D3441 /* FeedProvider.swift in Sources */,
				78372DD725BF0AEA001B82D0 /* MainCoordinator.swift in Sources */,
				7883B45425F56546000D3441 /* FirebaseFeedProvider.swift in Sources */,
				787A45E2263FD27900179F9F /* DirectChatView.swift in Sources */,
				7825554525BF5D0F0031EC64 /* ProfileViewModel.swift in Sources */,
				7825554A25C013760031EC64 /* FavoritesCoordinator.swift in Sources */,
				78372DB225BF07C8001B82D0 /* MainViewController.swift in Sources */,
				78F2E4B225C16029000E5F9D /* RootCoordinator.swift in Sources */,
				780D559C2642C1EF00CA2961 /* LoadingView.swift in Sources */,
				78217E162639EABD00CE0B99 /* ProfileView.swift in Sources */,
				78725450263BD68E007F96C9 /* LoginView.swift in Sources */,
				7883B48B25F758E3000D3441 /* ChatAssembly.swift in Sources */,
				780D55A12642C38500CA2961 /* ErrorView.swift in Sources */,
			);
			runOnlyForDeploymentPostprocessing = 0;
		};
		7844954D25BF018A005377A5 /* Sources */ = {
			isa = PBXSourcesBuildPhase;
			buildActionMask = 2147483647;
			files = (
				7844955625BF018A005377A5 /* xChangeTests.swift in Sources */,
			);
			runOnlyForDeploymentPostprocessing = 0;
		};
		7844955825BF018A005377A5 /* Sources */ = {
			isa = PBXSourcesBuildPhase;
			buildActionMask = 2147483647;
			files = (
				7844956125BF018A005377A5 /* xChangeUITests.swift in Sources */,
			);
			runOnlyForDeploymentPostprocessing = 0;
		};
/* End PBXSourcesBuildPhase section */

/* Begin PBXTargetDependency section */
		7844955325BF018A005377A5 /* PBXTargetDependency */ = {
			isa = PBXTargetDependency;
			target = 7844953A25BF0187005377A5 /* xChange */;
			targetProxy = 7844955225BF018A005377A5 /* PBXContainerItemProxy */;
		};
		7844955E25BF018A005377A5 /* PBXTargetDependency */ = {
			isa = PBXTargetDependency;
			target = 7844953A25BF0187005377A5 /* xChange */;
			targetProxy = 7844955D25BF018A005377A5 /* PBXContainerItemProxy */;
		};
/* End PBXTargetDependency section */

/* Begin PBXVariantGroup section */
		7844954925BF0189005377A5 /* LaunchScreen.storyboard */ = {
			isa = PBXVariantGroup;
			children = (
				7844954A25BF0189005377A5 /* Base */,
			);
			name = LaunchScreen.storyboard;
			sourceTree = "<group>";
		};
/* End PBXVariantGroup section */

/* Begin XCBuildConfiguration section */
		7844956325BF018A005377A5 /* Debug */ = {
			isa = XCBuildConfiguration;
			buildSettings = {
				ALWAYS_SEARCH_USER_PATHS = NO;
				CLANG_ANALYZER_NONNULL = YES;
				CLANG_ANALYZER_NUMBER_OBJECT_CONVERSION = YES_AGGRESSIVE;
				CLANG_CXX_LANGUAGE_STANDARD = "gnu++14";
				CLANG_CXX_LIBRARY = "libc++";
				CLANG_ENABLE_MODULES = YES;
				CLANG_ENABLE_OBJC_ARC = YES;
				CLANG_ENABLE_OBJC_WEAK = YES;
				CLANG_WARN_BLOCK_CAPTURE_AUTORELEASING = YES;
				CLANG_WARN_BOOL_CONVERSION = YES;
				CLANG_WARN_COMMA = YES;
				CLANG_WARN_CONSTANT_CONVERSION = YES;
				CLANG_WARN_DEPRECATED_OBJC_IMPLEMENTATIONS = YES;
				CLANG_WARN_DIRECT_OBJC_ISA_USAGE = YES_ERROR;
				CLANG_WARN_DOCUMENTATION_COMMENTS = YES;
				CLANG_WARN_EMPTY_BODY = YES;
				CLANG_WARN_ENUM_CONVERSION = YES;
				CLANG_WARN_INFINITE_RECURSION = YES;
				CLANG_WARN_INT_CONVERSION = YES;
				CLANG_WARN_NON_LITERAL_NULL_CONVERSION = YES;
				CLANG_WARN_OBJC_IMPLICIT_RETAIN_SELF = YES;
				CLANG_WARN_OBJC_LITERAL_CONVERSION = YES;
				CLANG_WARN_OBJC_ROOT_CLASS = YES_ERROR;
				CLANG_WARN_QUOTED_INCLUDE_IN_FRAMEWORK_HEADER = YES;
				CLANG_WARN_RANGE_LOOP_ANALYSIS = YES;
				CLANG_WARN_STRICT_PROTOTYPES = YES;
				CLANG_WARN_SUSPICIOUS_MOVE = YES;
				CLANG_WARN_UNGUARDED_AVAILABILITY = YES_AGGRESSIVE;
				CLANG_WARN_UNREACHABLE_CODE = YES;
				CLANG_WARN__DUPLICATE_METHOD_MATCH = YES;
				COPY_PHASE_STRIP = NO;
				DEBUG_INFORMATION_FORMAT = dwarf;
				ENABLE_STRICT_OBJC_MSGSEND = YES;
				ENABLE_TESTABILITY = YES;
				GCC_C_LANGUAGE_STANDARD = gnu11;
				GCC_DYNAMIC_NO_PIC = NO;
				GCC_NO_COMMON_BLOCKS = YES;
				GCC_OPTIMIZATION_LEVEL = 0;
				GCC_PREPROCESSOR_DEFINITIONS = (
					"DEBUG=1",
					"$(inherited)",
				);
				GCC_WARN_64_TO_32_BIT_CONVERSION = YES;
				GCC_WARN_ABOUT_RETURN_TYPE = YES_ERROR;
				GCC_WARN_UNDECLARED_SELECTOR = YES;
				GCC_WARN_UNINITIALIZED_AUTOS = YES_AGGRESSIVE;
				GCC_WARN_UNUSED_FUNCTION = YES;
				GCC_WARN_UNUSED_VARIABLE = YES;
				IPHONEOS_DEPLOYMENT_TARGET = 14.2;
				MTL_ENABLE_DEBUG_INFO = INCLUDE_SOURCE;
				MTL_FAST_MATH = YES;
				ONLY_ACTIVE_ARCH = YES;
				SDKROOT = iphoneos;
				SWIFT_ACTIVE_COMPILATION_CONDITIONS = DEBUG;
				SWIFT_OPTIMIZATION_LEVEL = "-Onone";
			};
			name = Debug;
		};
		7844956425BF018A005377A5 /* Release */ = {
			isa = XCBuildConfiguration;
			buildSettings = {
				ALWAYS_SEARCH_USER_PATHS = NO;
				CLANG_ANALYZER_NONNULL = YES;
				CLANG_ANALYZER_NUMBER_OBJECT_CONVERSION = YES_AGGRESSIVE;
				CLANG_CXX_LANGUAGE_STANDARD = "gnu++14";
				CLANG_CXX_LIBRARY = "libc++";
				CLANG_ENABLE_MODULES = YES;
				CLANG_ENABLE_OBJC_ARC = YES;
				CLANG_ENABLE_OBJC_WEAK = YES;
				CLANG_WARN_BLOCK_CAPTURE_AUTORELEASING = YES;
				CLANG_WARN_BOOL_CONVERSION = YES;
				CLANG_WARN_COMMA = YES;
				CLANG_WARN_CONSTANT_CONVERSION = YES;
				CLANG_WARN_DEPRECATED_OBJC_IMPLEMENTATIONS = YES;
				CLANG_WARN_DIRECT_OBJC_ISA_USAGE = YES_ERROR;
				CLANG_WARN_DOCUMENTATION_COMMENTS = YES;
				CLANG_WARN_EMPTY_BODY = YES;
				CLANG_WARN_ENUM_CONVERSION = YES;
				CLANG_WARN_INFINITE_RECURSION = YES;
				CLANG_WARN_INT_CONVERSION = YES;
				CLANG_WARN_NON_LITERAL_NULL_CONVERSION = YES;
				CLANG_WARN_OBJC_IMPLICIT_RETAIN_SELF = YES;
				CLANG_WARN_OBJC_LITERAL_CONVERSION = YES;
				CLANG_WARN_OBJC_ROOT_CLASS = YES_ERROR;
				CLANG_WARN_QUOTED_INCLUDE_IN_FRAMEWORK_HEADER = YES;
				CLANG_WARN_RANGE_LOOP_ANALYSIS = YES;
				CLANG_WARN_STRICT_PROTOTYPES = YES;
				CLANG_WARN_SUSPICIOUS_MOVE = YES;
				CLANG_WARN_UNGUARDED_AVAILABILITY = YES_AGGRESSIVE;
				CLANG_WARN_UNREACHABLE_CODE = YES;
				CLANG_WARN__DUPLICATE_METHOD_MATCH = YES;
				COPY_PHASE_STRIP = NO;
				DEBUG_INFORMATION_FORMAT = "dwarf-with-dsym";
				ENABLE_NS_ASSERTIONS = NO;
				ENABLE_STRICT_OBJC_MSGSEND = YES;
				GCC_C_LANGUAGE_STANDARD = gnu11;
				GCC_NO_COMMON_BLOCKS = YES;
				GCC_WARN_64_TO_32_BIT_CONVERSION = YES;
				GCC_WARN_ABOUT_RETURN_TYPE = YES_ERROR;
				GCC_WARN_UNDECLARED_SELECTOR = YES;
				GCC_WARN_UNINITIALIZED_AUTOS = YES_AGGRESSIVE;
				GCC_WARN_UNUSED_FUNCTION = YES;
				GCC_WARN_UNUSED_VARIABLE = YES;
				IPHONEOS_DEPLOYMENT_TARGET = 14.2;
				MTL_ENABLE_DEBUG_INFO = NO;
				MTL_FAST_MATH = YES;
				SDKROOT = iphoneos;
				SWIFT_COMPILATION_MODE = wholemodule;
				SWIFT_OPTIMIZATION_LEVEL = "-O";
				VALIDATE_PRODUCT = YES;
			};
			name = Release;
		};
		7844956625BF018A005377A5 /* Debug */ = {
			isa = XCBuildConfiguration;
			baseConfigurationReference = B695572FB9A71F78045C5EFF /* Pods-xChange.debug.xcconfig */;
			buildSettings = {
				ASSETCATALOG_COMPILER_APPICON_NAME = AppIcon;
				ASSETCATALOG_COMPILER_GLOBAL_ACCENT_COLOR_NAME = AccentColor;
				CODE_SIGN_STYLE = Automatic;
				DEVELOPMENT_TEAM = 894YU8MPRY;
				INFOPLIST_FILE = xChange/Info.plist;
				LD_RUNPATH_SEARCH_PATHS = (
					"$(inherited)",
					"@executable_path/Frameworks",
				);
				PRODUCT_BUNDLE_IDENTIFIER = se.diimperio.xchange;
				PRODUCT_NAME = "$(TARGET_NAME)";
				SWIFT_VERSION = 5.0;
				TARGETED_DEVICE_FAMILY = 1;
			};
			name = Debug;
		};
		7844956725BF018A005377A5 /* Release */ = {
			isa = XCBuildConfiguration;
			baseConfigurationReference = B86A7752BC70E1E1F8537AFA /* Pods-xChange.release.xcconfig */;
			buildSettings = {
				ASSETCATALOG_COMPILER_APPICON_NAME = AppIcon;
				ASSETCATALOG_COMPILER_GLOBAL_ACCENT_COLOR_NAME = AccentColor;
				CODE_SIGN_STYLE = Automatic;
				DEVELOPMENT_TEAM = 894YU8MPRY;
				INFOPLIST_FILE = xChange/Info.plist;
				LD_RUNPATH_SEARCH_PATHS = (
					"$(inherited)",
					"@executable_path/Frameworks",
				);
				PRODUCT_BUNDLE_IDENTIFIER = se.diimperio.xchange;
				PRODUCT_NAME = "$(TARGET_NAME)";
				SWIFT_VERSION = 5.0;
				TARGETED_DEVICE_FAMILY = 1;
			};
			name = Release;
		};
		7844956925BF018A005377A5 /* Debug */ = {
			isa = XCBuildConfiguration;
			baseConfigurationReference = A07A77D5BBEA9DC76453175F /* Pods-xChangeTests.debug.xcconfig */;
			buildSettings = {
				ALWAYS_EMBED_SWIFT_STANDARD_LIBRARIES = YES;
				BUNDLE_LOADER = "$(TEST_HOST)";
				CODE_SIGN_STYLE = Automatic;
				DEVELOPMENT_TEAM = 894YU8MPRY;
				INFOPLIST_FILE = xChangeTests/Info.plist;
				IPHONEOS_DEPLOYMENT_TARGET = 14.2;
				LD_RUNPATH_SEARCH_PATHS = (
					"$(inherited)",
					"@executable_path/Frameworks",
					"@loader_path/Frameworks",
				);
				PRODUCT_BUNDLE_IDENTIFIER = com.diimperio.xChangeTests;
				PRODUCT_NAME = "$(TARGET_NAME)";
				SWIFT_VERSION = 5.0;
				TARGETED_DEVICE_FAMILY = "1,2";
				TEST_HOST = "$(BUILT_PRODUCTS_DIR)/xChange.app/xChange";
			};
			name = Debug;
		};
		7844956A25BF018A005377A5 /* Release */ = {
			isa = XCBuildConfiguration;
			baseConfigurationReference = 9F009FDA7BEF5EDAF3777889 /* Pods-xChangeTests.release.xcconfig */;
			buildSettings = {
				ALWAYS_EMBED_SWIFT_STANDARD_LIBRARIES = YES;
				BUNDLE_LOADER = "$(TEST_HOST)";
				CODE_SIGN_STYLE = Automatic;
				DEVELOPMENT_TEAM = 894YU8MPRY;
				INFOPLIST_FILE = xChangeTests/Info.plist;
				IPHONEOS_DEPLOYMENT_TARGET = 14.2;
				LD_RUNPATH_SEARCH_PATHS = (
					"$(inherited)",
					"@executable_path/Frameworks",
					"@loader_path/Frameworks",
				);
				PRODUCT_BUNDLE_IDENTIFIER = com.diimperio.xChangeTests;
				PRODUCT_NAME = "$(TARGET_NAME)";
				SWIFT_VERSION = 5.0;
				TARGETED_DEVICE_FAMILY = "1,2";
				TEST_HOST = "$(BUILT_PRODUCTS_DIR)/xChange.app/xChange";
			};
			name = Release;
		};
		7844956C25BF018A005377A5 /* Debug */ = {
			isa = XCBuildConfiguration;
			baseConfigurationReference = 909CD7FDAFBB8866D8534048 /* Pods-xChange-xChangeUITests.debug.xcconfig */;
			buildSettings = {
				ALWAYS_EMBED_SWIFT_STANDARD_LIBRARIES = YES;
				CODE_SIGN_STYLE = Automatic;
				DEVELOPMENT_TEAM = 894YU8MPRY;
				INFOPLIST_FILE = xChangeUITests/Info.plist;
				LD_RUNPATH_SEARCH_PATHS = (
					"$(inherited)",
					"@executable_path/Frameworks",
					"@loader_path/Frameworks",
				);
				PRODUCT_BUNDLE_IDENTIFIER = com.diimperio.xChangeUITests;
				PRODUCT_NAME = "$(TARGET_NAME)";
				SWIFT_VERSION = 5.0;
				TARGETED_DEVICE_FAMILY = "1,2";
				TEST_TARGET_NAME = xChange;
			};
			name = Debug;
		};
		7844956D25BF018A005377A5 /* Release */ = {
			isa = XCBuildConfiguration;
			baseConfigurationReference = 5B9399BC99E48C49058FB9D7 /* Pods-xChange-xChangeUITests.release.xcconfig */;
			buildSettings = {
				ALWAYS_EMBED_SWIFT_STANDARD_LIBRARIES = YES;
				CODE_SIGN_STYLE = Automatic;
				DEVELOPMENT_TEAM = 894YU8MPRY;
				INFOPLIST_FILE = xChangeUITests/Info.plist;
				LD_RUNPATH_SEARCH_PATHS = (
					"$(inherited)",
					"@executable_path/Frameworks",
					"@loader_path/Frameworks",
				);
				PRODUCT_BUNDLE_IDENTIFIER = com.diimperio.xChangeUITests;
				PRODUCT_NAME = "$(TARGET_NAME)";
				SWIFT_VERSION = 5.0;
				TARGETED_DEVICE_FAMILY = "1,2";
				TEST_TARGET_NAME = xChange;
			};
			name = Release;
		};
/* End XCBuildConfiguration section */

/* Begin XCConfigurationList section */
		7844953625BF0187005377A5 /* Build configuration list for PBXProject "xChange" */ = {
			isa = XCConfigurationList;
			buildConfigurations = (
				7844956325BF018A005377A5 /* Debug */,
				7844956425BF018A005377A5 /* Release */,
			);
			defaultConfigurationIsVisible = 0;
			defaultConfigurationName = Release;
		};
		7844956525BF018A005377A5 /* Build configuration list for PBXNativeTarget "xChange" */ = {
			isa = XCConfigurationList;
			buildConfigurations = (
				7844956625BF018A005377A5 /* Debug */,
				7844956725BF018A005377A5 /* Release */,
			);
			defaultConfigurationIsVisible = 0;
			defaultConfigurationName = Release;
		};
		7844956825BF018A005377A5 /* Build configuration list for PBXNativeTarget "xChangeTests" */ = {
			isa = XCConfigurationList;
			buildConfigurations = (
				7844956925BF018A005377A5 /* Debug */,
				7844956A25BF018A005377A5 /* Release */,
			);
			defaultConfigurationIsVisible = 0;
			defaultConfigurationName = Release;
		};
		7844956B25BF018A005377A5 /* Build configuration list for PBXNativeTarget "xChangeUITests" */ = {
			isa = XCConfigurationList;
			buildConfigurations = (
				7844956C25BF018A005377A5 /* Debug */,
				7844956D25BF018A005377A5 /* Release */,
			);
			defaultConfigurationIsVisible = 0;
			defaultConfigurationName = Release;
		};
/* End XCConfigurationList section */
	};
	rootObject = 7844953325BF0187005377A5 /* Project object */;
}
