// !$*UTF8*$!
{
	archiveVersion = 1;
	classes = {
	};
	objectVersion = 51;
	objects = {

/* Begin PBXBuildFile section */
		7825550325BF5A430031EC64 /* SwinjectStoryboard+Coordinators.swift in Sources */ = {isa = PBXBuildFile; fileRef = 7825550225BF5A430031EC64 /* SwinjectStoryboard+Coordinators.swift */; };
		7825551E25BF5BA50031EC64 /* AddXChangeController.swift in Sources */ = {isa = PBXBuildFile; fileRef = 7825551D25BF5BA50031EC64 /* AddXChangeController.swift */; };
		7825552625BF5BEF0031EC64 /* AddXChangeViewModel.swift in Sources */ = {isa = PBXBuildFile; fileRef = 7825552525BF5BEF0031EC64 /* AddXChangeViewModel.swift */; };
		7825553225BF5C800031EC64 /* ChatViewController.swift in Sources */ = {isa = PBXBuildFile; fileRef = 7825553125BF5C800031EC64 /* ChatViewController.swift */; };
		7825553725BF5C9B0031EC64 /* ChatViewModel.swift in Sources */ = {isa = PBXBuildFile; fileRef = 7825553625BF5C9B0031EC64 /* ChatViewModel.swift */; };
		7825553D25BF5D020031EC64 /* ProfileViewController.swift in Sources */ = {isa = PBXBuildFile; fileRef = 7825553C25BF5D020031EC64 /* ProfileViewController.swift */; };
		7825554525BF5D0F0031EC64 /* ProfileViewModel.swift in Sources */ = {isa = PBXBuildFile; fileRef = 7825554425BF5D0F0031EC64 /* ProfileViewModel.swift */; };
		7825554A25C013760031EC64 /* FavoritesCoordinator.swift in Sources */ = {isa = PBXBuildFile; fileRef = 7825554925C013760031EC64 /* FavoritesCoordinator.swift */; };
		7825554F25C016680031EC64 /* Root.storyboard in Resources */ = {isa = PBXBuildFile; fileRef = 7825554E25C016680031EC64 /* Root.storyboard */; };
		7825555825C01BE60031EC64 /* AddXChangeCoordinator.swift in Sources */ = {isa = PBXBuildFile; fileRef = 7825555725C01BE60031EC64 /* AddXChangeCoordinator.swift */; };
		7825555D25C01C810031EC64 /* ChatCoordinator.swift in Sources */ = {isa = PBXBuildFile; fileRef = 7825555C25C01C810031EC64 /* ChatCoordinator.swift */; };
		7825556225C01DE40031EC64 /* ProfileCoordinator.swift in Sources */ = {isa = PBXBuildFile; fileRef = 7825556125C01DE40031EC64 /* ProfileCoordinator.swift */; };
		7825556725C0242B0031EC64 /* Favorites.storyboard in Resources */ = {isa = PBXBuildFile; fileRef = 7825556625C0242B0031EC64 /* Favorites.storyboard */; };
		7825556C25C024390031EC64 /* AddXChange.storyboard in Resources */ = {isa = PBXBuildFile; fileRef = 7825556B25C024390031EC64 /* AddXChange.storyboard */; };
		7825557125C0244B0031EC64 /* Chat.storyboard in Resources */ = {isa = PBXBuildFile; fileRef = 7825557025C0244B0031EC64 /* Chat.storyboard */; };
		7825557625C024550031EC64 /* Profile.storyboard in Resources */ = {isa = PBXBuildFile; fileRef = 7825557525C024550031EC64 /* Profile.storyboard */; };
		7832047525C1B2A20052CA86 /* AuthenticationProvider.swift in Sources */ = {isa = PBXBuildFile; fileRef = 7832047425C1B2A10052CA86 /* AuthenticationProvider.swift */; };
		7832047D25C1B3530052CA86 /* FirebaseAuthProvider.swift in Sources */ = {isa = PBXBuildFile; fileRef = 7832047C25C1B3530052CA86 /* FirebaseAuthProvider.swift */; };
		78372DA125BF0254001B82D0 /* TabBarController.swift in Sources */ = {isa = PBXBuildFile; fileRef = 78372DA025BF0254001B82D0 /* TabBarController.swift */; };
		78372DB225BF07C8001B82D0 /* MainViewController.swift in Sources */ = {isa = PBXBuildFile; fileRef = 78372DB125BF07C8001B82D0 /* MainViewController.swift */; };
		78372DBA25BF07F8001B82D0 /* MainViewModel.swift in Sources */ = {isa = PBXBuildFile; fileRef = 78372DB925BF07F8001B82D0 /* MainViewModel.swift */; };
		78372DC025BF085E001B82D0 /* FavoritesViewController.swift in Sources */ = {isa = PBXBuildFile; fileRef = 78372DBF25BF085E001B82D0 /* FavoritesViewController.swift */; };
		78372DC825BF0876001B82D0 /* FavoritesViewModel.swift in Sources */ = {isa = PBXBuildFile; fileRef = 78372DC725BF0876001B82D0 /* FavoritesViewModel.swift */; };
		78372DD225BF0A77001B82D0 /* Coordinator.swift in Sources */ = {isa = PBXBuildFile; fileRef = 78372DD125BF0A77001B82D0 /* Coordinator.swift */; };
		78372DD725BF0AEA001B82D0 /* MainCoordinator.swift in Sources */ = {isa = PBXBuildFile; fileRef = 78372DD625BF0AEA001B82D0 /* MainCoordinator.swift */; };
		7842342925E2C8D300A3D0DC /* ProfileCoordinatorDelegate.swift in Sources */ = {isa = PBXBuildFile; fileRef = 7842342825E2C8D300A3D0DC /* ProfileCoordinatorDelegate.swift */; };
		7842343525E2CBC100A3D0DC /* SignUpViewControllerDelegate.swift in Sources */ = {isa = PBXBuildFile; fileRef = 7842343425E2CBC100A3D0DC /* SignUpViewControllerDelegate.swift */; };
		7842343A25E2CF0100A3D0DC /* LoginViewControllerDelegate.swift in Sources */ = {isa = PBXBuildFile; fileRef = 7842343925E2CF0100A3D0DC /* LoginViewControllerDelegate.swift */; };
		7844953F25BF0187005377A5 /* AppDelegate.swift in Sources */ = {isa = PBXBuildFile; fileRef = 7844953E25BF0187005377A5 /* AppDelegate.swift */; };
		7844954125BF0187005377A5 /* SceneDelegate.swift in Sources */ = {isa = PBXBuildFile; fileRef = 7844954025BF0187005377A5 /* SceneDelegate.swift */; };
		7844954625BF0187005377A5 /* Main.storyboard in Resources */ = {isa = PBXBuildFile; fileRef = 7844954425BF0187005377A5 /* Main.storyboard */; };
		7844954825BF0189005377A5 /* Assets.xcassets in Resources */ = {isa = PBXBuildFile; fileRef = 7844954725BF0189005377A5 /* Assets.xcassets */; };
		7844954B25BF0189005377A5 /* LaunchScreen.storyboard in Resources */ = {isa = PBXBuildFile; fileRef = 7844954925BF0189005377A5 /* LaunchScreen.storyboard */; };
		7844955625BF018A005377A5 /* xChangeTests.swift in Sources */ = {isa = PBXBuildFile; fileRef = 7844955525BF018A005377A5 /* xChangeTests.swift */; };
		7844956125BF018A005377A5 /* xChangeUITests.swift in Sources */ = {isa = PBXBuildFile; fileRef = 7844956025BF018A005377A5 /* xChangeUITests.swift */; };
		78A23B0125CC0AC600EB0F12 /* ChatProvider.swift in Sources */ = {isa = PBXBuildFile; fileRef = 78A23B0025CC0AC600EB0F12 /* ChatProvider.swift */; };
		78A23B0625CC0B4100EB0F12 /* FavoritesProvider.swift in Sources */ = {isa = PBXBuildFile; fileRef = 78A23B0525CC0B4100EB0F12 /* FavoritesProvider.swift */; };
		78F2E4AD25C15F13000E5F9D /* Storyboarded.swift in Sources */ = {isa = PBXBuildFile; fileRef = 78F2E4AC25C15F13000E5F9D /* Storyboarded.swift */; };
		78F2E4B225C16029000E5F9D /* RootCoordinator.swift in Sources */ = {isa = PBXBuildFile; fileRef = 78F2E4B125C16029000E5F9D /* RootCoordinator.swift */; };
		78F2E4B825C160D4000E5F9D /* LoginViewController.swift in Sources */ = {isa = PBXBuildFile; fileRef = 78F2E4B725C160D4000E5F9D /* LoginViewController.swift */; };
		78F2E4C025C162B1000E5F9D /* RootNavigationController.swift in Sources */ = {isa = PBXBuildFile; fileRef = 78F2E4BF25C162B1000E5F9D /* RootNavigationController.swift */; };
		78F2E4C625C1646E000E5F9D /* SignUpViewController.swift in Sources */ = {isa = PBXBuildFile; fileRef = 78F2E4C525C1646E000E5F9D /* SignUpViewController.swift */; };
		78F2E4CB25C1688D000E5F9D /* LoginViewModel.swift in Sources */ = {isa = PBXBuildFile; fileRef = 78F2E4CA25C1688D000E5F9D /* LoginViewModel.swift */; };
		78F2E4F025C193DF000E5F9D /* GoogleService-Info.plist in Resources */ = {isa = PBXBuildFile; fileRef = 78F2E4EF25C193DF000E5F9D /* GoogleService-Info.plist */; };
		78F5473C25C1F02700467741 /* DataProvider.swift in Sources */ = {isa = PBXBuildFile; fileRef = 78F5473B25C1F02700467741 /* DataProvider.swift */; };
		78F5474425C1F11D00467741 /* FirestoreDataProvider.swift in Sources */ = {isa = PBXBuildFile; fileRef = 78F5474325C1F11D00467741 /* FirestoreDataProvider.swift */; };
		78F5474D25C2D9DE00467741 /* UIViewController+HideKeyboard.swift in Sources */ = {isa = PBXBuildFile; fileRef = 78F5474C25C2D9DE00467741 /* UIViewController+HideKeyboard.swift */; };
		78F5476725C2E59900467741 /* SignUpViewModel.swift in Sources */ = {isa = PBXBuildFile; fileRef = 78F5476625C2E59900467741 /* SignUpViewModel.swift */; };
		78F5477025C9566E00467741 /* ViewModelType.swift in Sources */ = {isa = PBXBuildFile; fileRef = 78F5476F25C9566E00467741 /* ViewModelType.swift */; };
		78F5477525C98EB800467741 /* Validation.swift in Sources */ = {isa = PBXBuildFile; fileRef = 78F5477425C98EB800467741 /* Validation.swift */; };
		78F5477B25C9E76700467741 /* Credential.swift in Sources */ = {isa = PBXBuildFile; fileRef = 78F5477A25C9E76700467741 /* Credential.swift */; };
		78F7E53325EEBF3300E4030C /* User.swift in Sources */ = {isa = PBXBuildFile; fileRef = 78F7E53225EEBF3300E4030C /* User.swift */; };
		78FEA08325CC96BE00A7D02C /* XChange.swift in Sources */ = {isa = PBXBuildFile; fileRef = 78FEA08225CC96BE00A7D02C /* XChange.swift */; };
		C1DBDB6451CA351BC0983F44 /* Pods_xChange_xChangeUITests.framework in Frameworks */ = {isa = PBXBuildFile; fileRef = 5920153C13C9F2C43911CA45 /* Pods_xChange_xChangeUITests.framework */; };
		CA5C4EE92E3B1051FCFF6FFE /* Pods_xChange.framework in Frameworks */ = {isa = PBXBuildFile; fileRef = 9DB6F7A3F88EBACBE66C7025 /* Pods_xChange.framework */; };
		E847EB396442D63325A1033E /* Pods_xChangeTests.framework in Frameworks */ = {isa = PBXBuildFile; fileRef = DE9AEB07039F5D9DFF49452A /* Pods_xChangeTests.framework */; };
/* End PBXBuildFile section */

/* Begin PBXContainerItemProxy section */
		7844955225BF018A005377A5 /* PBXContainerItemProxy */ = {
			isa = PBXContainerItemProxy;
			containerPortal = 7844953325BF0187005377A5 /* Project object */;
			proxyType = 1;
			remoteGlobalIDString = 7844953A25BF0187005377A5;
			remoteInfo = xChange;
		};
		7844955D25BF018A005377A5 /* PBXContainerItemProxy */ = {
			isa = PBXContainerItemProxy;
			containerPortal = 7844953325BF0187005377A5 /* Project object */;
			proxyType = 1;
			remoteGlobalIDString = 7844953A25BF0187005377A5;
			remoteInfo = xChange;
		};
/* End PBXContainerItemProxy section */

/* Begin PBXFileReference section */
		5920153C13C9F2C43911CA45 /* Pods_xChange_xChangeUITests.framework */ = {isa = PBXFileReference; explicitFileType = wrapper.framework; includeInIndex = 0; path = Pods_xChange_xChangeUITests.framework; sourceTree = BUILT_PRODUCTS_DIR; };
		5B9399BC99E48C49058FB9D7 /* Pods-xChange-xChangeUITests.release.xcconfig */ = {isa = PBXFileReference; includeInIndex = 1; lastKnownFileType = text.xcconfig; name = "Pods-xChange-xChangeUITests.release.xcconfig"; path = "Target Support Files/Pods-xChange-xChangeUITests/Pods-xChange-xChangeUITests.release.xcconfig"; sourceTree = "<group>"; };
		7825550225BF5A430031EC64 /* SwinjectStoryboard+Coordinators.swift */ = {isa = PBXFileReference; lastKnownFileType = sourcecode.swift; path = "SwinjectStoryboard+Coordinators.swift"; sourceTree = "<group>"; };
		7825551D25BF5BA50031EC64 /* AddXChangeController.swift */ = {isa = PBXFileReference; lastKnownFileType = sourcecode.swift; path = AddXChangeController.swift; sourceTree = "<group>"; };
		7825552525BF5BEF0031EC64 /* AddXChangeViewModel.swift */ = {isa = PBXFileReference; lastKnownFileType = sourcecode.swift; path = AddXChangeViewModel.swift; sourceTree = "<group>"; };
		7825553125BF5C800031EC64 /* ChatViewController.swift */ = {isa = PBXFileReference; lastKnownFileType = sourcecode.swift; path = ChatViewController.swift; sourceTree = "<group>"; };
		7825553625BF5C9B0031EC64 /* ChatViewModel.swift */ = {isa = PBXFileReference; lastKnownFileType = sourcecode.swift; path = ChatViewModel.swift; sourceTree = "<group>"; };
		7825553C25BF5D020031EC64 /* ProfileViewController.swift */ = {isa = PBXFileReference; lastKnownFileType = sourcecode.swift; path = ProfileViewController.swift; sourceTree = "<group>"; };
		7825554425BF5D0F0031EC64 /* ProfileViewModel.swift */ = {isa = PBXFileReference; lastKnownFileType = sourcecode.swift; path = ProfileViewModel.swift; sourceTree = "<group>"; };
		7825554925C013760031EC64 /* FavoritesCoordinator.swift */ = {isa = PBXFileReference; lastKnownFileType = sourcecode.swift; path = FavoritesCoordinator.swift; sourceTree = "<group>"; };
		7825554E25C016680031EC64 /* Root.storyboard */ = {isa = PBXFileReference; lastKnownFileType = file.storyboard; path = Root.storyboard; sourceTree = "<group>"; };
		7825555725C01BE60031EC64 /* AddXChangeCoordinator.swift */ = {isa = PBXFileReference; lastKnownFileType = sourcecode.swift; path = AddXChangeCoordinator.swift; sourceTree = "<group>"; };
		7825555C25C01C810031EC64 /* ChatCoordinator.swift */ = {isa = PBXFileReference; lastKnownFileType = sourcecode.swift; path = ChatCoordinator.swift; sourceTree = "<group>"; };
		7825556125C01DE40031EC64 /* ProfileCoordinator.swift */ = {isa = PBXFileReference; lastKnownFileType = sourcecode.swift; path = ProfileCoordinator.swift; sourceTree = "<group>"; };
		7825556625C0242B0031EC64 /* Favorites.storyboard */ = {isa = PBXFileReference; lastKnownFileType = file.storyboard; path = Favorites.storyboard; sourceTree = "<group>"; };
		7825556B25C024390031EC64 /* AddXChange.storyboard */ = {isa = PBXFileReference; lastKnownFileType = file.storyboard; path = AddXChange.storyboard; sourceTree = "<group>"; };
		7825557025C0244B0031EC64 /* Chat.storyboard */ = {isa = PBXFileReference; lastKnownFileType = file.storyboard; path = Chat.storyboard; sourceTree = "<group>"; };
		7825557525C024550031EC64 /* Profile.storyboard */ = {isa = PBXFileReference; lastKnownFileType = file.storyboard; path = Profile.storyboard; sourceTree = "<group>"; };
		7832047425C1B2A10052CA86 /* AuthenticationProvider.swift */ = {isa = PBXFileReference; lastKnownFileType = sourcecode.swift; path = AuthenticationProvider.swift; sourceTree = "<group>"; };
		7832047C25C1B3530052CA86 /* FirebaseAuthProvider.swift */ = {isa = PBXFileReference; lastKnownFileType = sourcecode.swift; path = FirebaseAuthProvider.swift; sourceTree = "<group>"; };
		78372DA025BF0254001B82D0 /* TabBarController.swift */ = {isa = PBXFileReference; lastKnownFileType = sourcecode.swift; path = TabBarController.swift; sourceTree = "<group>"; };
		78372DB125BF07C8001B82D0 /* MainViewController.swift */ = {isa = PBXFileReference; lastKnownFileType = sourcecode.swift; path = MainViewController.swift; sourceTree = "<group>"; };
		78372DB925BF07F8001B82D0 /* MainViewModel.swift */ = {isa = PBXFileReference; lastKnownFileType = sourcecode.swift; path = MainViewModel.swift; sourceTree = "<group>"; };
		78372DBF25BF085E001B82D0 /* FavoritesViewController.swift */ = {isa = PBXFileReference; lastKnownFileType = sourcecode.swift; path = FavoritesViewController.swift; sourceTree = "<group>"; };
		78372DC725BF0876001B82D0 /* FavoritesViewModel.swift */ = {isa = PBXFileReference; lastKnownFileType = sourcecode.swift; path = FavoritesViewModel.swift; sourceTree = "<group>"; };
		78372DD125BF0A77001B82D0 /* Coordinator.swift */ = {isa = PBXFileReference; lastKnownFileType = sourcecode.swift; path = Coordinator.swift; sourceTree = "<group>"; };
		78372DD625BF0AEA001B82D0 /* MainCoordinator.swift */ = {isa = PBXFileReference; lastKnownFileType = sourcecode.swift; path = MainCoordinator.swift; sourceTree = "<group>"; };
		7842342825E2C8D300A3D0DC /* ProfileCoordinatorDelegate.swift */ = {isa = PBXFileReference; lastKnownFileType = sourcecode.swift; path = ProfileCoordinatorDelegate.swift; sourceTree = "<group>"; };
		7842343425E2CBC100A3D0DC /* SignUpViewControllerDelegate.swift */ = {isa = PBXFileReference; lastKnownFileType = sourcecode.swift; path = SignUpViewControllerDelegate.swift; sourceTree = "<group>"; };
		7842343925E2CF0100A3D0DC /* LoginViewControllerDelegate.swift */ = {isa = PBXFileReference; lastKnownFileType = sourcecode.swift; path = LoginViewControllerDelegate.swift; sourceTree = "<group>"; };
		7844953B25BF0187005377A5 /* xChange.app */ = {isa = PBXFileReference; explicitFileType = wrapper.application; includeInIndex = 0; path = xChange.app; sourceTree = BUILT_PRODUCTS_DIR; };
		7844953E25BF0187005377A5 /* AppDelegate.swift */ = {isa = PBXFileReference; lastKnownFileType = sourcecode.swift; path = AppDelegate.swift; sourceTree = "<group>"; };
		7844954025BF0187005377A5 /* SceneDelegate.swift */ = {isa = PBXFileReference; lastKnownFileType = sourcecode.swift; path = SceneDelegate.swift; sourceTree = "<group>"; };
		7844954525BF0187005377A5 /* Base */ = {isa = PBXFileReference; lastKnownFileType = file.storyboard; name = Base; path = Base.lproj/Main.storyboard; sourceTree = "<group>"; };
		7844954725BF0189005377A5 /* Assets.xcassets */ = {isa = PBXFileReference; lastKnownFileType = folder.assetcatalog; path = Assets.xcassets; sourceTree = "<group>"; };
		7844954A25BF0189005377A5 /* Base */ = {isa = PBXFileReference; lastKnownFileType = file.storyboard; name = Base; path = Base.lproj/LaunchScreen.storyboard; sourceTree = "<group>"; };
		7844954C25BF0189005377A5 /* Info.plist */ = {isa = PBXFileReference; lastKnownFileType = text.plist.xml; path = Info.plist; sourceTree = "<group>"; };
		7844955125BF018A005377A5 /* xChangeTests.xctest */ = {isa = PBXFileReference; explicitFileType = wrapper.cfbundle; includeInIndex = 0; path = xChangeTests.xctest; sourceTree = BUILT_PRODUCTS_DIR; };
		7844955525BF018A005377A5 /* xChangeTests.swift */ = {isa = PBXFileReference; lastKnownFileType = sourcecode.swift; path = xChangeTests.swift; sourceTree = "<group>"; };
		7844955725BF018A005377A5 /* Info.plist */ = {isa = PBXFileReference; lastKnownFileType = text.plist.xml; path = Info.plist; sourceTree = "<group>"; };
		7844955C25BF018A005377A5 /* xChangeUITests.xctest */ = {isa = PBXFileReference; explicitFileType = wrapper.cfbundle; includeInIndex = 0; path = xChangeUITests.xctest; sourceTree = BUILT_PRODUCTS_DIR; };
		7844956025BF018A005377A5 /* xChangeUITests.swift */ = {isa = PBXFileReference; lastKnownFileType = sourcecode.swift; path = xChangeUITests.swift; sourceTree = "<group>"; };
		7844956225BF018A005377A5 /* Info.plist */ = {isa = PBXFileReference; lastKnownFileType = text.plist.xml; path = Info.plist; sourceTree = "<group>"; };
		78A23B0025CC0AC600EB0F12 /* ChatProvider.swift */ = {isa = PBXFileReference; lastKnownFileType = sourcecode.swift; path = ChatProvider.swift; sourceTree = "<group>"; };
		78A23B0525CC0B4100EB0F12 /* FavoritesProvider.swift */ = {isa = PBXFileReference; lastKnownFileType = sourcecode.swift; path = FavoritesProvider.swift; sourceTree = "<group>"; };
		78F2E4AC25C15F13000E5F9D /* Storyboarded.swift */ = {isa = PBXFileReference; lastKnownFileType = sourcecode.swift; path = Storyboarded.swift; sourceTree = "<group>"; };
		78F2E4B125C16029000E5F9D /* RootCoordinator.swift */ = {isa = PBXFileReference; lastKnownFileType = sourcecode.swift; path = RootCoordinator.swift; sourceTree = "<group>"; };
		78F2E4B725C160D4000E5F9D /* LoginViewController.swift */ = {isa = PBXFileReference; lastKnownFileType = sourcecode.swift; path = LoginViewController.swift; sourceTree = "<group>"; };
		78F2E4BF25C162B1000E5F9D /* RootNavigationController.swift */ = {isa = PBXFileReference; lastKnownFileType = sourcecode.swift; path = RootNavigationController.swift; sourceTree = "<group>"; };
		78F2E4C525C1646E000E5F9D /* SignUpViewController.swift */ = {isa = PBXFileReference; lastKnownFileType = sourcecode.swift; path = SignUpViewController.swift; sourceTree = "<group>"; };
		78F2E4CA25C1688D000E5F9D /* LoginViewModel.swift */ = {isa = PBXFileReference; lastKnownFileType = sourcecode.swift; path = LoginViewModel.swift; sourceTree = "<group>"; };
		78F2E4EF25C193DF000E5F9D /* GoogleService-Info.plist */ = {isa = PBXFileReference; fileEncoding = 4; lastKnownFileType = text.plist.xml; path = "GoogleService-Info.plist"; sourceTree = "<group>"; };
		78F5473B25C1F02700467741 /* DataProvider.swift */ = {isa = PBXFileReference; lastKnownFileType = sourcecode.swift; path = DataProvider.swift; sourceTree = "<group>"; };
		78F5474325C1F11D00467741 /* FirestoreDataProvider.swift */ = {isa = PBXFileReference; lastKnownFileType = sourcecode.swift; path = FirestoreDataProvider.swift; sourceTree = "<group>"; };
		78F5474C25C2D9DE00467741 /* UIViewController+HideKeyboard.swift */ = {isa = PBXFileReference; lastKnownFileType = sourcecode.swift; path = "UIViewController+HideKeyboard.swift"; sourceTree = "<group>"; };
		78F5476625C2E59900467741 /* SignUpViewModel.swift */ = {isa = PBXFileReference; lastKnownFileType = sourcecode.swift; path = SignUpViewModel.swift; sourceTree = "<group>"; };
		78F5476F25C9566E00467741 /* ViewModelType.swift */ = {isa = PBXFileReference; lastKnownFileType = sourcecode.swift; path = ViewModelType.swift; sourceTree = "<group>"; };
		78F5477425C98EB800467741 /* Validation.swift */ = {isa = PBXFileReference; lastKnownFileType = sourcecode.swift; path = Validation.swift; sourceTree = "<group>"; };
		78F5477A25C9E76700467741 /* Credential.swift */ = {isa = PBXFileReference; lastKnownFileType = sourcecode.swift; path = Credential.swift; sourceTree = "<group>"; };
		78F7E53225EEBF3300E4030C /* User.swift */ = {isa = PBXFileReference; lastKnownFileType = sourcecode.swift; path = User.swift; sourceTree = "<group>"; };
		78FEA08225CC96BE00A7D02C /* XChange.swift */ = {isa = PBXFileReference; lastKnownFileType = sourcecode.swift; path = XChange.swift; sourceTree = "<group>"; };
		909CD7FDAFBB8866D8534048 /* Pods-xChange-xChangeUITests.debug.xcconfig */ = {isa = PBXFileReference; includeInIndex = 1; lastKnownFileType = text.xcconfig; name = "Pods-xChange-xChangeUITests.debug.xcconfig"; path = "Target Support Files/Pods-xChange-xChangeUITests/Pods-xChange-xChangeUITests.debug.xcconfig"; sourceTree = "<group>"; };
		9DB6F7A3F88EBACBE66C7025 /* Pods_xChange.framework */ = {isa = PBXFileReference; explicitFileType = wrapper.framework; includeInIndex = 0; path = Pods_xChange.framework; sourceTree = BUILT_PRODUCTS_DIR; };
		9F009FDA7BEF5EDAF3777889 /* Pods-xChangeTests.release.xcconfig */ = {isa = PBXFileReference; includeInIndex = 1; lastKnownFileType = text.xcconfig; name = "Pods-xChangeTests.release.xcconfig"; path = "Target Support Files/Pods-xChangeTests/Pods-xChangeTests.release.xcconfig"; sourceTree = "<group>"; };
		A07A77D5BBEA9DC76453175F /* Pods-xChangeTests.debug.xcconfig */ = {isa = PBXFileReference; includeInIndex = 1; lastKnownFileType = text.xcconfig; name = "Pods-xChangeTests.debug.xcconfig"; path = "Target Support Files/Pods-xChangeTests/Pods-xChangeTests.debug.xcconfig"; sourceTree = "<group>"; };
		B695572FB9A71F78045C5EFF /* Pods-xChange.debug.xcconfig */ = {isa = PBXFileReference; includeInIndex = 1; lastKnownFileType = text.xcconfig; name = "Pods-xChange.debug.xcconfig"; path = "Target Support Files/Pods-xChange/Pods-xChange.debug.xcconfig"; sourceTree = "<group>"; };
		B86A7752BC70E1E1F8537AFA /* Pods-xChange.release.xcconfig */ = {isa = PBXFileReference; includeInIndex = 1; lastKnownFileType = text.xcconfig; name = "Pods-xChange.release.xcconfig"; path = "Target Support Files/Pods-xChange/Pods-xChange.release.xcconfig"; sourceTree = "<group>"; };
		DE9AEB07039F5D9DFF49452A /* Pods_xChangeTests.framework */ = {isa = PBXFileReference; explicitFileType = wrapper.framework; includeInIndex = 0; path = Pods_xChangeTests.framework; sourceTree = BUILT_PRODUCTS_DIR; };
/* End PBXFileReference section */

/* Begin PBXFrameworksBuildPhase section */
		7844953825BF0187005377A5 /* Frameworks */ = {
			isa = PBXFrameworksBuildPhase;
			buildActionMask = 2147483647;
			files = (
				CA5C4EE92E3B1051FCFF6FFE /* Pods_xChange.framework in Frameworks */,
			);
			runOnlyForDeploymentPostprocessing = 0;
		};
		7844954E25BF018A005377A5 /* Frameworks */ = {
			isa = PBXFrameworksBuildPhase;
			buildActionMask = 2147483647;
			files = (
				E847EB396442D63325A1033E /* Pods_xChangeTests.framework in Frameworks */,
			);
			runOnlyForDeploymentPostprocessing = 0;
		};
		7844955925BF018A005377A5 /* Frameworks */ = {
			isa = PBXFrameworksBuildPhase;
			buildActionMask = 2147483647;
			files = (
				C1DBDB6451CA351BC0983F44 /* Pods_xChange_xChangeUITests.framework in Frameworks */,
			);
			runOnlyForDeploymentPostprocessing = 0;
		};
/* End PBXFrameworksBuildPhase section */

/* Begin PBXGroup section */
		1E7CE954AA1F3E9CF3EECB77 /* Frameworks */ = {
			isa = PBXGroup;
			children = (
				9DB6F7A3F88EBACBE66C7025 /* Pods_xChange.framework */,
				5920153C13C9F2C43911CA45 /* Pods_xChange_xChangeUITests.framework */,
				DE9AEB07039F5D9DFF49452A /* Pods_xChangeTests.framework */,
			);
			name = Frameworks;
			sourceTree = "<group>";
		};
		7825550725BF5B170031EC64 /* AddXChangeController */ = {
			isa = PBXGroup;
			children = (
				7825551D25BF5BA50031EC64 /* AddXChangeController.swift */,
				7825552525BF5BEF0031EC64 /* AddXChangeViewModel.swift */,
			);
			path = AddXChangeController;
			sourceTree = "<group>";
		};
		7825553025BF5C580031EC64 /* ChatController */ = {
			isa = PBXGroup;
			children = (
				7825553125BF5C800031EC64 /* ChatViewController.swift */,
				7825553625BF5C9B0031EC64 /* ChatViewModel.swift */,
			);
			path = ChatController;
			sourceTree = "<group>";
		};
		7825553B25BF5CED0031EC64 /* ProfileController */ = {
			isa = PBXGroup;
			children = (
				7825553C25BF5D020031EC64 /* ProfileViewController.swift */,
				7825554425BF5D0F0031EC64 /* ProfileViewModel.swift */,
			);
			path = ProfileController;
			sourceTree = "<group>";
		};
		7825555325C016860031EC64 /* Storyboards */ = {
			isa = PBXGroup;
			children = (
				7825554E25C016680031EC64 /* Root.storyboard */,
				7844954425BF0187005377A5 /* Main.storyboard */,
				7825556625C0242B0031EC64 /* Favorites.storyboard */,
				7825556B25C024390031EC64 /* AddXChange.storyboard */,
				7825557025C0244B0031EC64 /* Chat.storyboard */,
				7825557525C024550031EC64 /* Profile.storyboard */,
			);
			path = Storyboards;
			sourceTree = "<group>";
		};
		7832047125C1B2290052CA86 /* Firebase */ = {
			isa = PBXGroup;
			children = (
				7832047C25C1B3530052CA86 /* FirebaseAuthProvider.swift */,
				78F5474325C1F11D00467741 /* FirestoreDataProvider.swift */,
			);
			path = Firebase;
			sourceTree = "<group>";
		};
		7832047225C1B2390052CA86 /* Services */ = {
			isa = PBXGroup;
			children = (
				7832047325C1B2660052CA86 /* Protocols */,
				7832047125C1B2290052CA86 /* Firebase */,
				78F5477425C98EB800467741 /* Validation.swift */,
			);
			path = Services;
			sourceTree = "<group>";
		};
		7832047325C1B2660052CA86 /* Protocols */ = {
			isa = PBXGroup;
			children = (
				7832047425C1B2A10052CA86 /* AuthenticationProvider.swift */,
				78F5473B25C1F02700467741 /* DataProvider.swift */,
				78A23B0525CC0B4100EB0F12 /* FavoritesProvider.swift */,
				78A23B0025CC0AC600EB0F12 /* ChatProvider.swift */,
			);
			path = Protocols;
			sourceTree = "<group>";
		};
		78372D9F25BF0232001B82D0 /* TabBarController */ = {
			isa = PBXGroup;
			children = (
				78372DA025BF0254001B82D0 /* TabBarController.swift */,
			);
			path = TabBarController;
			sourceTree = "<group>";
		};
		78372DB025BF07AE001B82D0 /* MainController */ = {
			isa = PBXGroup;
			children = (
				78372DB125BF07C8001B82D0 /* MainViewController.swift */,
				78372DB925BF07F8001B82D0 /* MainViewModel.swift */,
			);
			path = MainController;
			sourceTree = "<group>";
		};
		78372DBE25BF083E001B82D0 /* FavoritesController */ = {
			isa = PBXGroup;
			children = (
				78372DBF25BF085E001B82D0 /* FavoritesViewController.swift */,
				78372DC725BF0876001B82D0 /* FavoritesViewModel.swift */,
			);
			path = FavoritesController;
			sourceTree = "<group>";
		};
		78372DCF25BF0A50001B82D0 /* Coordinators */ = {
			isa = PBXGroup;
			children = (
				7842343025E2CBAF00A3D0DC /* RootCoordinator */,
				78372DD625BF0AEA001B82D0 /* MainCoordinator.swift */,
				7825554925C013760031EC64 /* FavoritesCoordinator.swift */,
				7825555725C01BE60031EC64 /* AddXChangeCoordinator.swift */,
				7825555C25C01C810031EC64 /* ChatCoordinator.swift */,
				7842342725E2C8B000A3D0DC /* ProfileCoordinator */,
			);
			path = Coordinators;
			sourceTree = "<group>";
		};
		7842342725E2C8B000A3D0DC /* ProfileCoordinator */ = {
			isa = PBXGroup;
			children = (
				7842343F25E300F000A3D0DC /* Protocols */,
				7825556125C01DE40031EC64 /* ProfileCoordinator.swift */,
			);
			path = ProfileCoordinator;
			sourceTree = "<group>";
		};
		7842343025E2CBAF00A3D0DC /* RootCoordinator */ = {
			isa = PBXGroup;
			children = (
				78F2E4B125C16029000E5F9D /* RootCoordinator.swift */,
			);
			path = RootCoordinator;
			sourceTree = "<group>";
		};
		7842343F25E300F000A3D0DC /* Protocols */ = {
			isa = PBXGroup;
			children = (
				7842342825E2C8D300A3D0DC /* ProfileCoordinatorDelegate.swift */,
			);
			path = Protocols;
			sourceTree = "<group>";
		};
		7844953225BF0187005377A5 = {
			isa = PBXGroup;
			children = (
				7844953D25BF0187005377A5 /* xChange */,
				7844955425BF018A005377A5 /* xChangeTests */,
				7844955F25BF018A005377A5 /* xChangeUITests */,
				7844953C25BF0187005377A5 /* Products */,
				A6128C1A1BE856807FDA9DA0 /* Pods */,
				1E7CE954AA1F3E9CF3EECB77 /* Frameworks */,
			);
			sourceTree = "<group>";
		};
		7844953C25BF0187005377A5 /* Products */ = {
			isa = PBXGroup;
			children = (
				7844953B25BF0187005377A5 /* xChange.app */,
				7844955125BF018A005377A5 /* xChangeTests.xctest */,
				7844955C25BF018A005377A5 /* xChangeUITests.xctest */,
			);
			name = Products;
			sourceTree = "<group>";
		};
		7844953D25BF0187005377A5 /* xChange */ = {
			isa = PBXGroup;
			children = (
				78DF0DEB25E1A457001859F3 /* Assemblies */,
				78F5477925C9E75800467741 /* Models */,
				78F5476C25C9562A00467741 /* Protocols */,
				7844953E25BF0187005377A5 /* AppDelegate.swift */,
				7844954025BF0187005377A5 /* SceneDelegate.swift */,
				78372DCF25BF0A50001B82D0 /* Coordinators */,
				7825555325C016860031EC64 /* Storyboards */,
				78F2E4CF25C1869D000E5F9D /* RootControllers */,
				78F2E4D125C186E4000E5F9D /* MainControllers */,
				78F2E4D225C18706000E5F9D /* FavoritesControllers */,
				78F2E4D325C1871B000E5F9D /* AddXChangeControllers */,
				78F2E4D425C18730000E5F9D /* ChatControllers */,
				78F2E4D525C18740000E5F9D /* ProfileControllers */,
				7832047225C1B2390052CA86 /* Services */,
				78F5474B25C2D9B900467741 /* Extensions */,
				7844954725BF0189005377A5 /* Assets.xcassets */,
				7844954925BF0189005377A5 /* LaunchScreen.storyboard */,
				7844954C25BF0189005377A5 /* Info.plist */,
				78F2E4EF25C193DF000E5F9D /* GoogleService-Info.plist */,
				78F2E4BF25C162B1000E5F9D /* RootNavigationController.swift */,
			);
			path = xChange;
			sourceTree = "<group>";
		};
		7844955425BF018A005377A5 /* xChangeTests */ = {
			isa = PBXGroup;
			children = (
				7844955525BF018A005377A5 /* xChangeTests.swift */,
				7844955725BF018A005377A5 /* Info.plist */,
			);
			path = xChangeTests;
			sourceTree = "<group>";
		};
		7844955F25BF018A005377A5 /* xChangeUITests */ = {
			isa = PBXGroup;
			children = (
				7844956025BF018A005377A5 /* xChangeUITests.swift */,
				7844956225BF018A005377A5 /* Info.plist */,
			);
			path = xChangeUITests;
			sourceTree = "<group>";
		};
		78DF0DEB25E1A457001859F3 /* Assemblies */ = {
			isa = PBXGroup;
			children = (
			);
			path = Assemblies;
			sourceTree = "<group>";
		};
		78F2E4B625C160B6000E5F9D /* LoginViewController */ = {
			isa = PBXGroup;
			children = (
				7842343925E2CF0100A3D0DC /* LoginViewControllerDelegate.swift */,
				78F2E4B725C160D4000E5F9D /* LoginViewController.swift */,
				78F2E4CA25C1688D000E5F9D /* LoginViewModel.swift */,
			);
			path = LoginViewController;
			sourceTree = "<group>";
		};
		78F2E4C425C16455000E5F9D /* SignUpViewController */ = {
			isa = PBXGroup;
			children = (
				7842343425E2CBC100A3D0DC /* SignUpViewControllerDelegate.swift */,
				78F2E4C525C1646E000E5F9D /* SignUpViewController.swift */,
				78F5476625C2E59900467741 /* SignUpViewModel.swift */,
			);
			path = SignUpViewController;
			sourceTree = "<group>";
		};
		78F2E4CF25C1869D000E5F9D /* RootControllers */ = {
			isa = PBXGroup;
			children = (
				78F2E4B625C160B6000E5F9D /* LoginViewController */,
				78F2E4C425C16455000E5F9D /* SignUpViewController */,
				78372D9F25BF0232001B82D0 /* TabBarController */,
			);
			path = RootControllers;
			sourceTree = "<group>";
		};
		78F2E4D125C186E4000E5F9D /* MainControllers */ = {
			isa = PBXGroup;
			children = (
				78372DB025BF07AE001B82D0 /* MainController */,
			);
			path = MainControllers;
			sourceTree = "<group>";
		};
		78F2E4D225C18706000E5F9D /* FavoritesControllers */ = {
			isa = PBXGroup;
			children = (
				78372DBE25BF083E001B82D0 /* FavoritesController */,
			);
			path = FavoritesControllers;
			sourceTree = "<group>";
		};
		78F2E4D325C1871B000E5F9D /* AddXChangeControllers */ = {
			isa = PBXGroup;
			children = (
				7825550725BF5B170031EC64 /* AddXChangeController */,
			);
			path = AddXChangeControllers;
			sourceTree = "<group>";
		};
		78F2E4D425C18730000E5F9D /* ChatControllers */ = {
			isa = PBXGroup;
			children = (
				7825553025BF5C580031EC64 /* ChatController */,
			);
			path = ChatControllers;
			sourceTree = "<group>";
		};
		78F2E4D525C18740000E5F9D /* ProfileControllers */ = {
			isa = PBXGroup;
			children = (
				7825553B25BF5CED0031EC64 /* ProfileController */,
			);
			path = ProfileControllers;
			sourceTree = "<group>";
		};
		78F5474B25C2D9B900467741 /* Extensions */ = {
			isa = PBXGroup;
			children = (
				7825550225BF5A430031EC64 /* SwinjectStoryboard+Coordinators.swift */,
				78F5474C25C2D9DE00467741 /* UIViewController+HideKeyboard.swift */,
			);
			path = Extensions;
			sourceTree = "<group>";
		};
		78F5476C25C9562A00467741 /* Protocols */ = {
			isa = PBXGroup;
			children = (
				78F5476E25C9564F00467741 /* ViewModel Protocols */,
				78F5476D25C9563300467741 /* Coordinator Protocols */,
			);
			path = Protocols;
			sourceTree = "<group>";
		};
		78F5476D25C9563300467741 /* Coordinator Protocols */ = {
			isa = PBXGroup;
			children = (
				78372DD125BF0A77001B82D0 /* Coordinator.swift */,
				78F2E4AC25C15F13000E5F9D /* Storyboarded.swift */,
			);
			path = "Coordinator Protocols";
			sourceTree = "<group>";
		};
		78F5476E25C9564F00467741 /* ViewModel Protocols */ = {
			isa = PBXGroup;
			children = (
				78F5476F25C9566E00467741 /* ViewModelType.swift */,
			);
			path = "ViewModel Protocols";
			sourceTree = "<group>";
		};
		78F5477925C9E75800467741 /* Models */ = {
			isa = PBXGroup;
			children = (
				78F5477A25C9E76700467741 /* Credential.swift */,
				78FEA08225CC96BE00A7D02C /* XChange.swift */,
				78F7E53225EEBF3300E4030C /* User.swift */,
			);
			path = Models;
			sourceTree = "<group>";
		};
		A6128C1A1BE856807FDA9DA0 /* Pods */ = {
			isa = PBXGroup;
			children = (
				B695572FB9A71F78045C5EFF /* Pods-xChange.debug.xcconfig */,
				B86A7752BC70E1E1F8537AFA /* Pods-xChange.release.xcconfig */,
				909CD7FDAFBB8866D8534048 /* Pods-xChange-xChangeUITests.debug.xcconfig */,
				5B9399BC99E48C49058FB9D7 /* Pods-xChange-xChangeUITests.release.xcconfig */,
				A07A77D5BBEA9DC76453175F /* Pods-xChangeTests.debug.xcconfig */,
				9F009FDA7BEF5EDAF3777889 /* Pods-xChangeTests.release.xcconfig */,
			);
			path = Pods;
			sourceTree = "<group>";
		};
/* End PBXGroup section */

/* Begin PBXNativeTarget section */
		7844953A25BF0187005377A5 /* xChange */ = {
			isa = PBXNativeTarget;
			buildConfigurationList = 7844956525BF018A005377A5 /* Build configuration list for PBXNativeTarget "xChange" */;
			buildPhases = (
				B37D0EDBEFCBC7F76D7EF420 /* [CP] Check Pods Manifest.lock */,
				7844953725BF0187005377A5 /* Sources */,
				7844953825BF0187005377A5 /* Frameworks */,
				7844953925BF0187005377A5 /* Resources */,
				B6713F6225571AF5E581B085 /* [CP] Embed Pods Frameworks */,
			);
			buildRules = (
			);
			dependencies = (
			);
			name = xChange;
			productName = xChange;
			productReference = 7844953B25BF0187005377A5 /* xChange.app */;
			productType = "com.apple.product-type.application";
		};
		7844955025BF018A005377A5 /* xChangeTests */ = {
			isa = PBXNativeTarget;
			buildConfigurationList = 7844956825BF018A005377A5 /* Build configuration list for PBXNativeTarget "xChangeTests" */;
			buildPhases = (
				5FB71AF4F5A564C0902DF23C /* [CP] Check Pods Manifest.lock */,
				7844954D25BF018A005377A5 /* Sources */,
				7844954E25BF018A005377A5 /* Frameworks */,
				7844954F25BF018A005377A5 /* Resources */,
			);
			buildRules = (
			);
			dependencies = (
				7844955325BF018A005377A5 /* PBXTargetDependency */,
			);
			name = xChangeTests;
			productName = xChangeTests;
			productReference = 7844955125BF018A005377A5 /* xChangeTests.xctest */;
			productType = "com.apple.product-type.bundle.unit-test";
		};
		7844955B25BF018A005377A5 /* xChangeUITests */ = {
			isa = PBXNativeTarget;
			buildConfigurationList = 7844956B25BF018A005377A5 /* Build configuration list for PBXNativeTarget "xChangeUITests" */;
			buildPhases = (
				DA8D74ABF05B7D0296728B8C /* [CP] Check Pods Manifest.lock */,
				7844955825BF018A005377A5 /* Sources */,
				7844955925BF018A005377A5 /* Frameworks */,
				7844955A25BF018A005377A5 /* Resources */,
				95508C0BD4C81250223EC3F6 /* [CP] Embed Pods Frameworks */,
			);
			buildRules = (
			);
			dependencies = (
				7844955E25BF018A005377A5 /* PBXTargetDependency */,
			);
			name = xChangeUITests;
			productName = xChangeUITests;
			productReference = 7844955C25BF018A005377A5 /* xChangeUITests.xctest */;
			productType = "com.apple.product-type.bundle.ui-testing";
		};
/* End PBXNativeTarget section */

/* Begin PBXProject section */
		7844953325BF0187005377A5 /* Project object */ = {
			isa = PBXProject;
			attributes = {
				LastSwiftUpdateCheck = 1220;
				LastUpgradeCheck = 1220;
				TargetAttributes = {
					7844953A25BF0187005377A5 = {
						CreatedOnToolsVersion = 12.2;
					};
					7844955025BF018A005377A5 = {
						CreatedOnToolsVersion = 12.2;
						TestTargetID = 7844953A25BF0187005377A5;
					};
					7844955B25BF018A005377A5 = {
						CreatedOnToolsVersion = 12.2;
						TestTargetID = 7844953A25BF0187005377A5;
					};
				};
			};
			buildConfigurationList = 7844953625BF0187005377A5 /* Build configuration list for PBXProject "xChange" */;
			compatibilityVersion = "Xcode 9.3";
			developmentRegion = en;
			hasScannedForEncodings = 0;
			knownRegions = (
				en,
				Base,
			);
			mainGroup = 7844953225BF0187005377A5;
			productRefGroup = 7844953C25BF0187005377A5 /* Products */;
			projectDirPath = "";
			projectRoot = "";
			targets = (
				7844953A25BF0187005377A5 /* xChange */,
				7844955025BF018A005377A5 /* xChangeTests */,
				7844955B25BF018A005377A5 /* xChangeUITests */,
			);
		};
/* End PBXProject section */

/* Begin PBXResourcesBuildPhase section */
		7844953925BF0187005377A5 /* Resources */ = {
			isa = PBXResourcesBuildPhase;
			buildActionMask = 2147483647;
			files = (
				7825557125C0244B0031EC64 /* Chat.storyboard in Resources */,
				7844954B25BF0189005377A5 /* LaunchScreen.storyboard in Resources */,
				78F2E4F025C193DF000E5F9D /* GoogleService-Info.plist in Resources */,
				7825557625C024550031EC64 /* Profile.storyboard in Resources */,
				7844954825BF0189005377A5 /* Assets.xcassets in Resources */,
				7825554F25C016680031EC64 /* Root.storyboard in Resources */,
				7844954625BF0187005377A5 /* Main.storyboard in Resources */,
				7825556725C0242B0031EC64 /* Favorites.storyboard in Resources */,
				7825556C25C024390031EC64 /* AddXChange.storyboard in Resources */,
			);
			runOnlyForDeploymentPostprocessing = 0;
		};
		7844954F25BF018A005377A5 /* Resources */ = {
			isa = PBXResourcesBuildPhase;
			buildActionMask = 2147483647;
			files = (
			);
			runOnlyForDeploymentPostprocessing = 0;
		};
		7844955A25BF018A005377A5 /* Resources */ = {
			isa = PBXResourcesBuildPhase;
			buildActionMask = 2147483647;
			files = (
			);
			runOnlyForDeploymentPostprocessing = 0;
		};
/* End PBXResourcesBuildPhase section */

/* Begin PBXShellScriptBuildPhase section */
		5FB71AF4F5A564C0902DF23C /* [CP] Check Pods Manifest.lock */ = {
			isa = PBXShellScriptBuildPhase;
			buildActionMask = 2147483647;
			files = (
			);
			inputFileListPaths = (
			);
			inputPaths = (
				"${PODS_PODFILE_DIR_PATH}/Podfile.lock",
				"${PODS_ROOT}/Manifest.lock",
			);
			name = "[CP] Check Pods Manifest.lock";
			outputFileListPaths = (
			);
			outputPaths = (
				"$(DERIVED_FILE_DIR)/Pods-xChangeTests-checkManifestLockResult.txt",
			);
			runOnlyForDeploymentPostprocessing = 0;
			shellPath = /bin/sh;
			shellScript = "diff \"${PODS_PODFILE_DIR_PATH}/Podfile.lock\" \"${PODS_ROOT}/Manifest.lock\" > /dev/null\nif [ $? != 0 ] ; then\n    # print error to STDERR\n    echo \"error: The sandbox is not in sync with the Podfile.lock. Run 'pod install' or update your CocoaPods installation.\" >&2\n    exit 1\nfi\n# This output is used by Xcode 'outputs' to avoid re-running this script phase.\necho \"SUCCESS\" > \"${SCRIPT_OUTPUT_FILE_0}\"\n";
			showEnvVarsInLog = 0;
		};
		95508C0BD4C81250223EC3F6 /* [CP] Embed Pods Frameworks */ = {
			isa = PBXShellScriptBuildPhase;
			buildActionMask = 2147483647;
			files = (
			);
			inputFileListPaths = (
				"${PODS_ROOT}/Target Support Files/Pods-xChange-xChangeUITests/Pods-xChange-xChangeUITests-frameworks-${CONFIGURATION}-input-files.xcfilelist",
			);
			name = "[CP] Embed Pods Frameworks";
			outputFileListPaths = (
				"${PODS_ROOT}/Target Support Files/Pods-xChange-xChangeUITests/Pods-xChange-xChangeUITests-frameworks-${CONFIGURATION}-output-files.xcfilelist",
			);
			runOnlyForDeploymentPostprocessing = 0;
			shellPath = /bin/sh;
			shellScript = "\"${PODS_ROOT}/Target Support Files/Pods-xChange-xChangeUITests/Pods-xChange-xChangeUITests-frameworks.sh\"\n";
			showEnvVarsInLog = 0;
		};
		B37D0EDBEFCBC7F76D7EF420 /* [CP] Check Pods Manifest.lock */ = {
			isa = PBXShellScriptBuildPhase;
			buildActionMask = 2147483647;
			files = (
			);
			inputFileListPaths = (
			);
			inputPaths = (
				"${PODS_PODFILE_DIR_PATH}/Podfile.lock",
				"${PODS_ROOT}/Manifest.lock",
			);
			name = "[CP] Check Pods Manifest.lock";
			outputFileListPaths = (
			);
			outputPaths = (
				"$(DERIVED_FILE_DIR)/Pods-xChange-checkManifestLockResult.txt",
			);
			runOnlyForDeploymentPostprocessing = 0;
			shellPath = /bin/sh;
			shellScript = "diff \"${PODS_PODFILE_DIR_PATH}/Podfile.lock\" \"${PODS_ROOT}/Manifest.lock\" > /dev/null\nif [ $? != 0 ] ; then\n    # print error to STDERR\n    echo \"error: The sandbox is not in sync with the Podfile.lock. Run 'pod install' or update your CocoaPods installation.\" >&2\n    exit 1\nfi\n# This output is used by Xcode 'outputs' to avoid re-running this script phase.\necho \"SUCCESS\" > \"${SCRIPT_OUTPUT_FILE_0}\"\n";
			showEnvVarsInLog = 0;
		};
		B6713F6225571AF5E581B085 /* [CP] Embed Pods Frameworks */ = {
			isa = PBXShellScriptBuildPhase;
			buildActionMask = 2147483647;
			files = (
			);
			inputFileListPaths = (
				"${PODS_ROOT}/Target Support Files/Pods-xChange/Pods-xChange-frameworks-${CONFIGURATION}-input-files.xcfilelist",
			);
			name = "[CP] Embed Pods Frameworks";
			outputFileListPaths = (
				"${PODS_ROOT}/Target Support Files/Pods-xChange/Pods-xChange-frameworks-${CONFIGURATION}-output-files.xcfilelist",
			);
			runOnlyForDeploymentPostprocessing = 0;
			shellPath = /bin/sh;
			shellScript = "\"${PODS_ROOT}/Target Support Files/Pods-xChange/Pods-xChange-frameworks.sh\"\n";
			showEnvVarsInLog = 0;
		};
		DA8D74ABF05B7D0296728B8C /* [CP] Check Pods Manifest.lock */ = {
			isa = PBXShellScriptBuildPhase;
			buildActionMask = 2147483647;
			files = (
			);
			inputFileListPaths = (
			);
			inputPaths = (
				"${PODS_PODFILE_DIR_PATH}/Podfile.lock",
				"${PODS_ROOT}/Manifest.lock",
			);
			name = "[CP] Check Pods Manifest.lock";
			outputFileListPaths = (
			);
			outputPaths = (
				"$(DERIVED_FILE_DIR)/Pods-xChange-xChangeUITests-checkManifestLockResult.txt",
			);
			runOnlyForDeploymentPostprocessing = 0;
			shellPath = /bin/sh;
			shellScript = "diff \"${PODS_PODFILE_DIR_PATH}/Podfile.lock\" \"${PODS_ROOT}/Manifest.lock\" > /dev/null\nif [ $? != 0 ] ; then\n    # print error to STDERR\n    echo \"error: The sandbox is not in sync with the Podfile.lock. Run 'pod install' or update your CocoaPods installation.\" >&2\n    exit 1\nfi\n# This output is used by Xcode 'outputs' to avoid re-running this script phase.\necho \"SUCCESS\" > \"${SCRIPT_OUTPUT_FILE_0}\"\n";
			showEnvVarsInLog = 0;
		};
/* End PBXShellScriptBuildPhase section */

/* Begin PBXSourcesBuildPhase section */
		7844953725BF0187005377A5 /* Sources */ = {
			isa = PBXSourcesBuildPhase;
			buildActionMask = 2147483647;
			files = (
				78FEA08325CC96BE00A7D02C /* XChange.swift in Sources */,
				7825550325BF5A430031EC64 /* SwinjectStoryboard+Coordinators.swift in Sources */,
				78F5474425C1F11D00467741 /* FirestoreDataProvider.swift in Sources */,
				7825555825C01BE60031EC64 /* AddXChangeCoordinator.swift in Sources */,
				7825551E25BF5BA50031EC64 /* AddXChangeController.swift in Sources */,
				78A23B0125CC0AC600EB0F12 /* ChatProvider.swift in Sources */,
				78F2E4B825C160D4000E5F9D /* LoginViewController.swift in Sources */,
				78F2E4C625C1646E000E5F9D /* SignUpViewController.swift in Sources */,
				78A23B0625CC0B4100EB0F12 /* FavoritesProvider.swift in Sources */,
				78372DD225BF0A77001B82D0 /* Coordinator.swift in Sources */,
				78F5473C25C1F02700467741 /* DataProvider.swift in Sources */,
				78372DBA25BF07F8001B82D0 /* MainViewModel.swift in Sources */,
				7832047D25C1B3530052CA86 /* FirebaseAuthProvider.swift in Sources */,
				78372DA125BF0254001B82D0 /* TabBarController.swift in Sources */,
				78F5477025C9566E00467741 /* ViewModelType.swift in Sources */,
				7832047525C1B2A20052CA86 /* AuthenticationProvider.swift in Sources */,
				78F2E4CB25C1688D000E5F9D /* LoginViewModel.swift in Sources */,
				78372DC825BF0876001B82D0 /* FavoritesViewModel.swift in Sources */,
				7844953F25BF0187005377A5 /* AppDelegate.swift in Sources */,
				7825556225C01DE40031EC64 /* ProfileCoordinator.swift in Sources */,
				78F7E53325EEBF3300E4030C /* User.swift in Sources */,
				7825555D25C01C810031EC64 /* ChatCoordinator.swift in Sources */,
				78F5474D25C2D9DE00467741 /* UIViewController+HideKeyboard.swift in Sources */,
				78F5476725C2E59900467741 /* SignUpViewModel.swift in Sources */,
				7842342925E2C8D300A3D0DC /* ProfileCoordinatorDelegate.swift in Sources */,
				7825552625BF5BEF0031EC64 /* AddXChangeViewModel.swift in Sources */,
				7825553725BF5C9B0031EC64 /* ChatViewModel.swift in Sources */,
				78F5477B25C9E76700467741 /* Credential.swift in Sources */,
				7842343A25E2CF0100A3D0DC /* LoginViewControllerDelegate.swift in Sources */,
				7844954125BF0187005377A5 /* SceneDelegate.swift in Sources */,
				7825553225BF5C800031EC64 /* ChatViewController.swift in Sources */,
				78372DC025BF085E001B82D0 /* FavoritesViewController.swift in Sources */,
				7825553D25BF5D020031EC64 /* ProfileViewController.swift in Sources */,
				78F5477525C98EB800467741 /* Validation.swift in Sources */,
				78F2E4C025C162B1000E5F9D /* RootNavigationController.swift in Sources */,
				7842343525E2CBC100A3D0DC /* SignUpViewControllerDelegate.swift in Sources */,
				78372DD725BF0AEA001B82D0 /* MainCoordinator.swift in Sources */,
				7825554525BF5D0F0031EC64 /* ProfileViewModel.swift in Sources */,
				7825554A25C013760031EC64 /* FavoritesCoordinator.swift in Sources */,
				78372DB225BF07C8001B82D0 /* MainViewController.swift in Sources */,
				78F2E4B225C16029000E5F9D /* RootCoordinator.swift in Sources */,
				78F2E4AD25C15F13000E5F9D /* Storyboarded.swift in Sources */,
			);
			runOnlyForDeploymentPostprocessing = 0;
		};
		7844954D25BF018A005377A5 /* Sources */ = {
			isa = PBXSourcesBuildPhase;
			buildActionMask = 2147483647;
			files = (
				7844955625BF018A005377A5 /* xChangeTests.swift in Sources */,
			);
			runOnlyForDeploymentPostprocessing = 0;
		};
		7844955825BF018A005377A5 /* Sources */ = {
			isa = PBXSourcesBuildPhase;
			buildActionMask = 2147483647;
			files = (
				7844956125BF018A005377A5 /* xChangeUITests.swift in Sources */,
			);
			runOnlyForDeploymentPostprocessing = 0;
		};
/* End PBXSourcesBuildPhase section */

/* Begin PBXTargetDependency section */
		7844955325BF018A005377A5 /* PBXTargetDependency */ = {
			isa = PBXTargetDependency;
			target = 7844953A25BF0187005377A5 /* xChange */;
			targetProxy = 7844955225BF018A005377A5 /* PBXContainerItemProxy */;
		};
		7844955E25BF018A005377A5 /* PBXTargetDependency */ = {
			isa = PBXTargetDependency;
			target = 7844953A25BF0187005377A5 /* xChange */;
			targetProxy = 7844955D25BF018A005377A5 /* PBXContainerItemProxy */;
		};
/* End PBXTargetDependency section */

/* Begin PBXVariantGroup section */
		7844954425BF0187005377A5 /* Main.storyboard */ = {
			isa = PBXVariantGroup;
			children = (
				7844954525BF0187005377A5 /* Base */,
			);
			name = Main.storyboard;
			sourceTree = "<group>";
		};
		7844954925BF0189005377A5 /* LaunchScreen.storyboard */ = {
			isa = PBXVariantGroup;
			children = (
				7844954A25BF0189005377A5 /* Base */,
			);
			name = LaunchScreen.storyboard;
			sourceTree = "<group>";
		};
/* End PBXVariantGroup section */

/* Begin XCBuildConfiguration section */
		7844956325BF018A005377A5 /* Debug */ = {
			isa = XCBuildConfiguration;
			buildSettings = {
				ALWAYS_SEARCH_USER_PATHS = NO;
				CLANG_ANALYZER_NONNULL = YES;
				CLANG_ANALYZER_NUMBER_OBJECT_CONVERSION = YES_AGGRESSIVE;
				CLANG_CXX_LANGUAGE_STANDARD = "gnu++14";
				CLANG_CXX_LIBRARY = "libc++";
				CLANG_ENABLE_MODULES = YES;
				CLANG_ENABLE_OBJC_ARC = YES;
				CLANG_ENABLE_OBJC_WEAK = YES;
				CLANG_WARN_BLOCK_CAPTURE_AUTORELEASING = YES;
				CLANG_WARN_BOOL_CONVERSION = YES;
				CLANG_WARN_COMMA = YES;
				CLANG_WARN_CONSTANT_CONVERSION = YES;
				CLANG_WARN_DEPRECATED_OBJC_IMPLEMENTATIONS = YES;
				CLANG_WARN_DIRECT_OBJC_ISA_USAGE = YES_ERROR;
				CLANG_WARN_DOCUMENTATION_COMMENTS = YES;
				CLANG_WARN_EMPTY_BODY = YES;
				CLANG_WARN_ENUM_CONVERSION = YES;
				CLANG_WARN_INFINITE_RECURSION = YES;
				CLANG_WARN_INT_CONVERSION = YES;
				CLANG_WARN_NON_LITERAL_NULL_CONVERSION = YES;
				CLANG_WARN_OBJC_IMPLICIT_RETAIN_SELF = YES;
				CLANG_WARN_OBJC_LITERAL_CONVERSION = YES;
				CLANG_WARN_OBJC_ROOT_CLASS = YES_ERROR;
				CLANG_WARN_QUOTED_INCLUDE_IN_FRAMEWORK_HEADER = YES;
				CLANG_WARN_RANGE_LOOP_ANALYSIS = YES;
				CLANG_WARN_STRICT_PROTOTYPES = YES;
				CLANG_WARN_SUSPICIOUS_MOVE = YES;
				CLANG_WARN_UNGUARDED_AVAILABILITY = YES_AGGRESSIVE;
				CLANG_WARN_UNREACHABLE_CODE = YES;
				CLANG_WARN__DUPLICATE_METHOD_MATCH = YES;
				COPY_PHASE_STRIP = NO;
				DEBUG_INFORMATION_FORMAT = dwarf;
				ENABLE_STRICT_OBJC_MSGSEND = YES;
				ENABLE_TESTABILITY = YES;
				GCC_C_LANGUAGE_STANDARD = gnu11;
				GCC_DYNAMIC_NO_PIC = NO;
				GCC_NO_COMMON_BLOCKS = YES;
				GCC_OPTIMIZATION_LEVEL = 0;
				GCC_PREPROCESSOR_DEFINITIONS = (
					"DEBUG=1",
					"$(inherited)",
				);
				GCC_WARN_64_TO_32_BIT_CONVERSION = YES;
				GCC_WARN_ABOUT_RETURN_TYPE = YES_ERROR;
				GCC_WARN_UNDECLARED_SELECTOR = YES;
				GCC_WARN_UNINITIALIZED_AUTOS = YES_AGGRESSIVE;
				GCC_WARN_UNUSED_FUNCTION = YES;
				GCC_WARN_UNUSED_VARIABLE = YES;
				IPHONEOS_DEPLOYMENT_TARGET = 14.2;
				MTL_ENABLE_DEBUG_INFO = INCLUDE_SOURCE;
				MTL_FAST_MATH = YES;
				ONLY_ACTIVE_ARCH = YES;
				SDKROOT = iphoneos;
				SWIFT_ACTIVE_COMPILATION_CONDITIONS = DEBUG;
				SWIFT_OPTIMIZATION_LEVEL = "-Onone";
			};
			name = Debug;
		};
		7844956425BF018A005377A5 /* Release */ = {
			isa = XCBuildConfiguration;
			buildSettings = {
				ALWAYS_SEARCH_USER_PATHS = NO;
				CLANG_ANALYZER_NONNULL = YES;
				CLANG_ANALYZER_NUMBER_OBJECT_CONVERSION = YES_AGGRESSIVE;
				CLANG_CXX_LANGUAGE_STANDARD = "gnu++14";
				CLANG_CXX_LIBRARY = "libc++";
				CLANG_ENABLE_MODULES = YES;
				CLANG_ENABLE_OBJC_ARC = YES;
				CLANG_ENABLE_OBJC_WEAK = YES;
				CLANG_WARN_BLOCK_CAPTURE_AUTORELEASING = YES;
				CLANG_WARN_BOOL_CONVERSION = YES;
				CLANG_WARN_COMMA = YES;
				CLANG_WARN_CONSTANT_CONVERSION = YES;
				CLANG_WARN_DEPRECATED_OBJC_IMPLEMENTATIONS = YES;
				CLANG_WARN_DIRECT_OBJC_ISA_USAGE = YES_ERROR;
				CLANG_WARN_DOCUMENTATION_COMMENTS = YES;
				CLANG_WARN_EMPTY_BODY = YES;
				CLANG_WARN_ENUM_CONVERSION = YES;
				CLANG_WARN_INFINITE_RECURSION = YES;
				CLANG_WARN_INT_CONVERSION = YES;
				CLANG_WARN_NON_LITERAL_NULL_CONVERSION = YES;
				CLANG_WARN_OBJC_IMPLICIT_RETAIN_SELF = YES;
				CLANG_WARN_OBJC_LITERAL_CONVERSION = YES;
				CLANG_WARN_OBJC_ROOT_CLASS = YES_ERROR;
				CLANG_WARN_QUOTED_INCLUDE_IN_FRAMEWORK_HEADER = YES;
				CLANG_WARN_RANGE_LOOP_ANALYSIS = YES;
				CLANG_WARN_STRICT_PROTOTYPES = YES;
				CLANG_WARN_SUSPICIOUS_MOVE = YES;
				CLANG_WARN_UNGUARDED_AVAILABILITY = YES_AGGRESSIVE;
				CLANG_WARN_UNREACHABLE_CODE = YES;
				CLANG_WARN__DUPLICATE_METHOD_MATCH = YES;
				COPY_PHASE_STRIP = NO;
				DEBUG_INFORMATION_FORMAT = "dwarf-with-dsym";
				ENABLE_NS_ASSERTIONS = NO;
				ENABLE_STRICT_OBJC_MSGSEND = YES;
				GCC_C_LANGUAGE_STANDARD = gnu11;
				GCC_NO_COMMON_BLOCKS = YES;
				GCC_WARN_64_TO_32_BIT_CONVERSION = YES;
				GCC_WARN_ABOUT_RETURN_TYPE = YES_ERROR;
				GCC_WARN_UNDECLARED_SELECTOR = YES;
				GCC_WARN_UNINITIALIZED_AUTOS = YES_AGGRESSIVE;
				GCC_WARN_UNUSED_FUNCTION = YES;
				GCC_WARN_UNUSED_VARIABLE = YES;
				IPHONEOS_DEPLOYMENT_TARGET = 14.2;
				MTL_ENABLE_DEBUG_INFO = NO;
				MTL_FAST_MATH = YES;
				SDKROOT = iphoneos;
				SWIFT_COMPILATION_MODE = wholemodule;
				SWIFT_OPTIMIZATION_LEVEL = "-O";
				VALIDATE_PRODUCT = YES;
			};
			name = Release;
		};
		7844956625BF018A005377A5 /* Debug */ = {
			isa = XCBuildConfiguration;
			baseConfigurationReference = B695572FB9A71F78045C5EFF /* Pods-xChange.debug.xcconfig */;
			buildSettings = {
				ASSETCATALOG_COMPILER_APPICON_NAME = AppIcon;
				ASSETCATALOG_COMPILER_GLOBAL_ACCENT_COLOR_NAME = AccentColor;
				CODE_SIGN_STYLE = Automatic;
				DEVELOPMENT_TEAM = 894YU8MPRY;
				INFOPLIST_FILE = xChange/Info.plist;
				LD_RUNPATH_SEARCH_PATHS = (
					"$(inherited)",
					"@executable_path/Frameworks",
				);
				PRODUCT_BUNDLE_IDENTIFIER = se.dimperio.xchange;
				PRODUCT_NAME = "$(TARGET_NAME)";
				SWIFT_VERSION = 5.0;
				TARGETED_DEVICE_FAMILY = "1,2";
			};
			name = Debug;
		};
		7844956725BF018A005377A5 /* Release */ = {
			isa = XCBuildConfiguration;
			baseConfigurationReference = B86A7752BC70E1E1F8537AFA /* Pods-xChange.release.xcconfig */;
			buildSettings = {
				ASSETCATALOG_COMPILER_APPICON_NAME = AppIcon;
				ASSETCATALOG_COMPILER_GLOBAL_ACCENT_COLOR_NAME = AccentColor;
				CODE_SIGN_STYLE = Automatic;
				DEVELOPMENT_TEAM = 894YU8MPRY;
				INFOPLIST_FILE = xChange/Info.plist;
				LD_RUNPATH_SEARCH_PATHS = (
					"$(inherited)",
					"@executable_path/Frameworks",
				);
				PRODUCT_BUNDLE_IDENTIFIER = se.dimperio.xchange;
				PRODUCT_NAME = "$(TARGET_NAME)";
				SWIFT_VERSION = 5.0;
				TARGETED_DEVICE_FAMILY = "1,2";
			};
			name = Release;
		};
		7844956925BF018A005377A5 /* Debug */ = {
			isa = XCBuildConfiguration;
			baseConfigurationReference = A07A77D5BBEA9DC76453175F /* Pods-xChangeTests.debug.xcconfig */;
			buildSettings = {
				ALWAYS_EMBED_SWIFT_STANDARD_LIBRARIES = YES;
				BUNDLE_LOADER = "$(TEST_HOST)";
				CODE_SIGN_STYLE = Automatic;
				DEVELOPMENT_TEAM = 894YU8MPRY;
				INFOPLIST_FILE = xChangeTests/Info.plist;
				IPHONEOS_DEPLOYMENT_TARGET = 14.2;
				LD_RUNPATH_SEARCH_PATHS = (
					"$(inherited)",
					"@executable_path/Frameworks",
					"@loader_path/Frameworks",
				);
				PRODUCT_BUNDLE_IDENTIFIER = com.diimperio.xChangeTests;
				PRODUCT_NAME = "$(TARGET_NAME)";
				SWIFT_VERSION = 5.0;
				TARGETED_DEVICE_FAMILY = "1,2";
				TEST_HOST = "$(BUILT_PRODUCTS_DIR)/xChange.app/xChange";
			};
			name = Debug;
		};
		7844956A25BF018A005377A5 /* Release */ = {
			isa = XCBuildConfiguration;
			baseConfigurationReference = 9F009FDA7BEF5EDAF3777889 /* Pods-xChangeTests.release.xcconfig */;
			buildSettings = {
				ALWAYS_EMBED_SWIFT_STANDARD_LIBRARIES = YES;
				BUNDLE_LOADER = "$(TEST_HOST)";
				CODE_SIGN_STYLE = Automatic;
				DEVELOPMENT_TEAM = 894YU8MPRY;
				INFOPLIST_FILE = xChangeTests/Info.plist;
				IPHONEOS_DEPLOYMENT_TARGET = 14.2;
				LD_RUNPATH_SEARCH_PATHS = (
					"$(inherited)",
					"@executable_path/Frameworks",
					"@loader_path/Frameworks",
				);
				PRODUCT_BUNDLE_IDENTIFIER = com.diimperio.xChangeTests;
				PRODUCT_NAME = "$(TARGET_NAME)";
				SWIFT_VERSION = 5.0;
				TARGETED_DEVICE_FAMILY = "1,2";
				TEST_HOST = "$(BUILT_PRODUCTS_DIR)/xChange.app/xChange";
			};
			name = Release;
		};
		7844956C25BF018A005377A5 /* Debug */ = {
			isa = XCBuildConfiguration;
			baseConfigurationReference = 909CD7FDAFBB8866D8534048 /* Pods-xChange-xChangeUITests.debug.xcconfig */;
			buildSettings = {
				ALWAYS_EMBED_SWIFT_STANDARD_LIBRARIES = YES;
				CODE_SIGN_STYLE = Automatic;
				DEVELOPMENT_TEAM = 894YU8MPRY;
				INFOPLIST_FILE = xChangeUITests/Info.plist;
				LD_RUNPATH_SEARCH_PATHS = (
					"$(inherited)",
					"@executable_path/Frameworks",
					"@loader_path/Frameworks",
				);
				PRODUCT_BUNDLE_IDENTIFIER = com.diimperio.xChangeUITests;
				PRODUCT_NAME = "$(TARGET_NAME)";
				SWIFT_VERSION = 5.0;
				TARGETED_DEVICE_FAMILY = "1,2";
				TEST_TARGET_NAME = xChange;
			};
			name = Debug;
		};
		7844956D25BF018A005377A5 /* Release */ = {
			isa = XCBuildConfiguration;
			baseConfigurationReference = 5B9399BC99E48C49058FB9D7 /* Pods-xChange-xChangeUITests.release.xcconfig */;
			buildSettings = {
				ALWAYS_EMBED_SWIFT_STANDARD_LIBRARIES = YES;
				CODE_SIGN_STYLE = Automatic;
				DEVELOPMENT_TEAM = 894YU8MPRY;
				INFOPLIST_FILE = xChangeUITests/Info.plist;
				LD_RUNPATH_SEARCH_PATHS = (
					"$(inherited)",
					"@executable_path/Frameworks",
					"@loader_path/Frameworks",
				);
				PRODUCT_BUNDLE_IDENTIFIER = com.diimperio.xChangeUITests;
				PRODUCT_NAME = "$(TARGET_NAME)";
				SWIFT_VERSION = 5.0;
				TARGETED_DEVICE_FAMILY = "1,2";
				TEST_TARGET_NAME = xChange;
			};
			name = Release;
		};
/* End XCBuildConfiguration section */

/* Begin XCConfigurationList section */
		7844953625BF0187005377A5 /* Build configuration list for PBXProject "xChange" */ = {
			isa = XCConfigurationList;
			buildConfigurations = (
				7844956325BF018A005377A5 /* Debug */,
				7844956425BF018A005377A5 /* Release */,
			);
			defaultConfigurationIsVisible = 0;
			defaultConfigurationName = Release;
		};
		7844956525BF018A005377A5 /* Build configuration list for PBXNativeTarget "xChange" */ = {
			isa = XCConfigurationList;
			buildConfigurations = (
				7844956625BF018A005377A5 /* Debug */,
				7844956725BF018A005377A5 /* Release */,
			);
			defaultConfigurationIsVisible = 0;
			defaultConfigurationName = Release;
		};
		7844956825BF018A005377A5 /* Build configuration list for PBXNativeTarget "xChangeTests" */ = {
			isa = XCConfigurationList;
			buildConfigurations = (
				7844956925BF018A005377A5 /* Debug */,
				7844956A25BF018A005377A5 /* Release */,
			);
			defaultConfigurationIsVisible = 0;
			defaultConfigurationName = Release;
		};
		7844956B25BF018A005377A5 /* Build configuration list for PBXNativeTarget "xChangeUITests" */ = {
			isa = XCConfigurationList;
			buildConfigurations = (
				7844956C25BF018A005377A5 /* Debug */,
				7844956D25BF018A005377A5 /* Release */,
			);
			defaultConfigurationIsVisible = 0;
			defaultConfigurationName = Release;
		};
/* End XCConfigurationList section */
	};
	rootObject = 7844953325BF0187005377A5 /* Project object */;
}
